
Microsoft Visual Studio Solution File, Format Version 12.00
# Visual Studio 14
VisualStudioVersion = 14.0.25123.0
MinimumVisualStudioVersion = 10.0.40219.1
Project("{8BC9CEB8-8B4A-11D0-8D11-00A0C91BC942}") = "T3000", "T3000\T3000.vcxproj", "{F7226464-C41C-4909-BF74-97328B72FFC8}"
	ProjectSection(ProjectDependencies) = postProject
		{ECE89A1C-344C-4B1C-B6A7-6266F9BB607A} = {ECE89A1C-344C-4B1C-B6A7-6266F9BB607A}
	EndProjectSection
EndProject
Project("{8BC9CEB8-8B4A-11D0-8D11-00A0C91BC942}") = "ISP", "ISP\ISP.vcxproj", "{ECE89A1C-344C-4B1C-B6A7-6266F9BB607A}"
EndProject
Project("{8BC9CEB8-8B4A-11D0-8D11-00A0C91BC942}") = "BACnet_Stack_Library", "BacNetDllforVc\BACnet Stack Library.vcxproj", "{E9A65567-B028-4278-881D-674604B2E126}"
EndProject
Project("{8BC9CEB8-8B4A-11D0-8D11-00A0C91BC942}") = "FlexSlideBar", "FlexSlideBar\FlexSlideBar.vcxproj", "{9560EBEA-EB58-44F6-BB62-189833713FC0}"
EndProject
Project("{8BC9CEB8-8B4A-11D0-8D11-00A0C91BC942}") = "ModbusDllforVc", "ModbusDllforVc\ModbusDllforVc\ModbusDllforVc.vcxproj", "{86C4A754-63F3-44A8-949D-E01D4FACA97A}"
EndProject
Project("{8BC9CEB8-8B4A-11D0-8D11-00A0C91BC942}") = "Update", "Update\Update.vcxproj", "{76CA38FC-61AC-4D71-B926-8F55406C9542}"
EndProject
Project("{8BC9CEB8-8B4A-11D0-8D11-00A0C91BC942}") = "MultipleMonthCal32", "MultipleMonthCal32\MultipleMonthCal32.vcxproj", "{D78A3406-8DF2-45A9-9390-7D05E8E66AC6}"
EndProject
Project("{FAE04EC0-301F-11D3-BF4B-00C04F79EFBC}") = "T3000Controls", "T3000Controls\T3000Controls.csproj", "{0D845AA6-E9B7-4542-9A2D-EB371076C021}"
EndProject
Project("{8BC9CEB8-8B4A-11D0-8D11-00A0C91BC942}") = "ModbusPoll", "Modbus Poll\ModbusPoll.vcxproj", "{7ECEC3E5-9E56-40C5-8043-9B472536F566}"
EndProject
Project("{8BC9CEB8-8B4A-11D0-8D11-00A0C91BC942}") = "T3000Test", "T3000Test\T3000Test.vcxproj", "{E8AE912C-1A6A-429A-9CFC-B6BE1DCEB31C}"
EndProject
Global
	GlobalSection(SolutionConfigurationPlatforms) = preSolution
		Debug|Any CPU = Debug|Any CPU
		Debug|Mixed Platforms = Debug|Mixed Platforms
		Debug|Win32 = Debug|Win32
		Debug|x64 = Debug|x64
		Release|Any CPU = Release|Any CPU
		Release|Mixed Platforms = Release|Mixed Platforms
		Release|Win32 = Release|Win32
		Release|x64 = Release|x64
		Template|Any CPU = Template|Any CPU
		Template|Mixed Platforms = Template|Mixed Platforms
		Template|Win32 = Template|Win32
		Template|x64 = Template|x64
		Unicode Debug|Any CPU = Unicode Debug|Any CPU
		Unicode Debug|Mixed Platforms = Unicode Debug|Mixed Platforms
		Unicode Debug|Win32 = Unicode Debug|Win32
		Unicode Debug|x64 = Unicode Debug|x64
		Unicode Release|Any CPU = Unicode Release|Any CPU
		Unicode Release|Mixed Platforms = Unicode Release|Mixed Platforms
		Unicode Release|Win32 = Unicode Release|Win32
		Unicode Release|x64 = Unicode Release|x64
	EndGlobalSection
	GlobalSection(ProjectConfigurationPlatforms) = postSolution
		{F7226464-C41C-4909-BF74-97328B72FFC8}.Debug|Any CPU.ActiveCfg = Debug|Win32
		{F7226464-C41C-4909-BF74-97328B72FFC8}.Debug|Mixed Platforms.ActiveCfg = Debug|Win32
		{F7226464-C41C-4909-BF74-97328B72FFC8}.Debug|Mixed Platforms.Build.0 = Debug|Win32
		{F7226464-C41C-4909-BF74-97328B72FFC8}.Debug|Win32.ActiveCfg = Debug|Win32
		{F7226464-C41C-4909-BF74-97328B72FFC8}.Debug|Win32.Build.0 = Debug|Win32
		{F7226464-C41C-4909-BF74-97328B72FFC8}.Debug|x64.ActiveCfg = Debug|Win32
		{F7226464-C41C-4909-BF74-97328B72FFC8}.Release|Any CPU.ActiveCfg = Release|Win32
		{F7226464-C41C-4909-BF74-97328B72FFC8}.Release|Mixed Platforms.ActiveCfg = Release|Win32
		{F7226464-C41C-4909-BF74-97328B72FFC8}.Release|Mixed Platforms.Build.0 = Release|Win32
		{F7226464-C41C-4909-BF74-97328B72FFC8}.Release|Win32.ActiveCfg = Release|Win32
		{F7226464-C41C-4909-BF74-97328B72FFC8}.Release|Win32.Build.0 = Release|Win32
		{F7226464-C41C-4909-BF74-97328B72FFC8}.Release|x64.ActiveCfg = Release|Win32
		{F7226464-C41C-4909-BF74-97328B72FFC8}.Template|Any CPU.ActiveCfg = Template|Win32
		{F7226464-C41C-4909-BF74-97328B72FFC8}.Template|Mixed Platforms.ActiveCfg = Template|Win32
		{F7226464-C41C-4909-BF74-97328B72FFC8}.Template|Mixed Platforms.Build.0 = Template|Win32
		{F7226464-C41C-4909-BF74-97328B72FFC8}.Template|Win32.ActiveCfg = Template|Win32
		{F7226464-C41C-4909-BF74-97328B72FFC8}.Template|Win32.Build.0 = Template|Win32
		{F7226464-C41C-4909-BF74-97328B72FFC8}.Template|x64.ActiveCfg = Template|Win32
		{F7226464-C41C-4909-BF74-97328B72FFC8}.Unicode Debug|Any CPU.ActiveCfg = Debug|Win32
		{F7226464-C41C-4909-BF74-97328B72FFC8}.Unicode Debug|Mixed Platforms.ActiveCfg = Debug|Win32
		{F7226464-C41C-4909-BF74-97328B72FFC8}.Unicode Debug|Mixed Platforms.Build.0 = Debug|Win32
		{F7226464-C41C-4909-BF74-97328B72FFC8}.Unicode Debug|Win32.ActiveCfg = Debug|Win32
		{F7226464-C41C-4909-BF74-97328B72FFC8}.Unicode Debug|Win32.Build.0 = Debug|Win32
		{F7226464-C41C-4909-BF74-97328B72FFC8}.Unicode Debug|x64.ActiveCfg = Debug|Win32
		{F7226464-C41C-4909-BF74-97328B72FFC8}.Unicode Release|Any CPU.ActiveCfg = Release|Win32
		{F7226464-C41C-4909-BF74-97328B72FFC8}.Unicode Release|Mixed Platforms.ActiveCfg = Release|Win32
		{F7226464-C41C-4909-BF74-97328B72FFC8}.Unicode Release|Mixed Platforms.Build.0 = Release|Win32
		{F7226464-C41C-4909-BF74-97328B72FFC8}.Unicode Release|Win32.ActiveCfg = Release|Win32
		{F7226464-C41C-4909-BF74-97328B72FFC8}.Unicode Release|Win32.Build.0 = Release|Win32
		{F7226464-C41C-4909-BF74-97328B72FFC8}.Unicode Release|x64.ActiveCfg = Release|Win32
		{ECE89A1C-344C-4B1C-B6A7-6266F9BB607A}.Debug|Any CPU.ActiveCfg = Debug|Win32
		{ECE89A1C-344C-4B1C-B6A7-6266F9BB607A}.Debug|Mixed Platforms.ActiveCfg = Debug|Win32
		{ECE89A1C-344C-4B1C-B6A7-6266F9BB607A}.Debug|Mixed Platforms.Build.0 = Debug|Win32
		{ECE89A1C-344C-4B1C-B6A7-6266F9BB607A}.Debug|Win32.ActiveCfg = Debug|Win32
		{ECE89A1C-344C-4B1C-B6A7-6266F9BB607A}.Debug|Win32.Build.0 = Debug|Win32
		{ECE89A1C-344C-4B1C-B6A7-6266F9BB607A}.Debug|x64.ActiveCfg = Debug|Win32
		{ECE89A1C-344C-4B1C-B6A7-6266F9BB607A}.Release|Any CPU.ActiveCfg = Release|Win32
		{ECE89A1C-344C-4B1C-B6A7-6266F9BB607A}.Release|Mixed Platforms.ActiveCfg = Release|Win32
		{ECE89A1C-344C-4B1C-B6A7-6266F9BB607A}.Release|Mixed Platforms.Build.0 = Release|Win32
		{ECE89A1C-344C-4B1C-B6A7-6266F9BB607A}.Release|Win32.ActiveCfg = Release|Win32
		{ECE89A1C-344C-4B1C-B6A7-6266F9BB607A}.Release|Win32.Build.0 = Release|Win32
		{ECE89A1C-344C-4B1C-B6A7-6266F9BB607A}.Release|x64.ActiveCfg = Release|Win32
		{ECE89A1C-344C-4B1C-B6A7-6266F9BB607A}.Template|Any CPU.ActiveCfg = Template|Win32
		{ECE89A1C-344C-4B1C-B6A7-6266F9BB607A}.Template|Mixed Platforms.ActiveCfg = Template|Win32
		{ECE89A1C-344C-4B1C-B6A7-6266F9BB607A}.Template|Mixed Platforms.Build.0 = Template|Win32
		{ECE89A1C-344C-4B1C-B6A7-6266F9BB607A}.Template|Win32.ActiveCfg = Template|Win32
		{ECE89A1C-344C-4B1C-B6A7-6266F9BB607A}.Template|Win32.Build.0 = Template|Win32
		{ECE89A1C-344C-4B1C-B6A7-6266F9BB607A}.Template|x64.ActiveCfg = Template|Win32
		{ECE89A1C-344C-4B1C-B6A7-6266F9BB607A}.Unicode Debug|Any CPU.ActiveCfg = Debug|Win32
		{ECE89A1C-344C-4B1C-B6A7-6266F9BB607A}.Unicode Debug|Mixed Platforms.ActiveCfg = Debug|Win32
		{ECE89A1C-344C-4B1C-B6A7-6266F9BB607A}.Unicode Debug|Mixed Platforms.Build.0 = Debug|Win32
		{ECE89A1C-344C-4B1C-B6A7-6266F9BB607A}.Unicode Debug|Win32.ActiveCfg = Debug|Win32
		{ECE89A1C-344C-4B1C-B6A7-6266F9BB607A}.Unicode Debug|Win32.Build.0 = Debug|Win32
		{ECE89A1C-344C-4B1C-B6A7-6266F9BB607A}.Unicode Debug|x64.ActiveCfg = Debug|Win32
		{ECE89A1C-344C-4B1C-B6A7-6266F9BB607A}.Unicode Release|Any CPU.ActiveCfg = Release|Win32
		{ECE89A1C-344C-4B1C-B6A7-6266F9BB607A}.Unicode Release|Mixed Platforms.ActiveCfg = Release|Win32
		{ECE89A1C-344C-4B1C-B6A7-6266F9BB607A}.Unicode Release|Mixed Platforms.Build.0 = Release|Win32
		{ECE89A1C-344C-4B1C-B6A7-6266F9BB607A}.Unicode Release|Win32.ActiveCfg = Release|Win32
		{ECE89A1C-344C-4B1C-B6A7-6266F9BB607A}.Unicode Release|Win32.Build.0 = Release|Win32
		{ECE89A1C-344C-4B1C-B6A7-6266F9BB607A}.Unicode Release|x64.ActiveCfg = Release|Win32
		{E9A65567-B028-4278-881D-674604B2E126}.Debug|Any CPU.ActiveCfg = Debug|Win32
		{E9A65567-B028-4278-881D-674604B2E126}.Debug|Mixed Platforms.ActiveCfg = Debug|Win32
		{E9A65567-B028-4278-881D-674604B2E126}.Debug|Mixed Platforms.Build.0 = Debug|Win32
		{E9A65567-B028-4278-881D-674604B2E126}.Debug|Win32.ActiveCfg = Debug|Win32
		{E9A65567-B028-4278-881D-674604B2E126}.Debug|Win32.Build.0 = Debug|Win32
		{E9A65567-B028-4278-881D-674604B2E126}.Debug|x64.ActiveCfg = Debug|Win32
		{E9A65567-B028-4278-881D-674604B2E126}.Release|Any CPU.ActiveCfg = Release|Win32
		{E9A65567-B028-4278-881D-674604B2E126}.Release|Mixed Platforms.ActiveCfg = Release|Win32
		{E9A65567-B028-4278-881D-674604B2E126}.Release|Mixed Platforms.Build.0 = Release|Win32
		{E9A65567-B028-4278-881D-674604B2E126}.Release|Win32.ActiveCfg = Release|Win32
		{E9A65567-B028-4278-881D-674604B2E126}.Release|Win32.Build.0 = Release|Win32
		{E9A65567-B028-4278-881D-674604B2E126}.Release|x64.ActiveCfg = Release|Win32
		{E9A65567-B028-4278-881D-674604B2E126}.Template|Any CPU.ActiveCfg = Release|Win32
		{E9A65567-B028-4278-881D-674604B2E126}.Template|Mixed Platforms.ActiveCfg = Release|Win32
		{E9A65567-B028-4278-881D-674604B2E126}.Template|Mixed Platforms.Build.0 = Release|Win32
		{E9A65567-B028-4278-881D-674604B2E126}.Template|Win32.ActiveCfg = Release|Win32
		{E9A65567-B028-4278-881D-674604B2E126}.Template|Win32.Build.0 = Release|Win32
		{E9A65567-B028-4278-881D-674604B2E126}.Template|x64.ActiveCfg = Release|Win32
		{E9A65567-B028-4278-881D-674604B2E126}.Unicode Debug|Any CPU.ActiveCfg = Debug|Win32
		{E9A65567-B028-4278-881D-674604B2E126}.Unicode Debug|Mixed Platforms.ActiveCfg = Debug|Win32
		{E9A65567-B028-4278-881D-674604B2E126}.Unicode Debug|Mixed Platforms.Build.0 = Debug|Win32
		{E9A65567-B028-4278-881D-674604B2E126}.Unicode Debug|Win32.ActiveCfg = Debug|Win32
		{E9A65567-B028-4278-881D-674604B2E126}.Unicode Debug|Win32.Build.0 = Debug|Win32
		{E9A65567-B028-4278-881D-674604B2E126}.Unicode Debug|x64.ActiveCfg = Debug|Win32
		{E9A65567-B028-4278-881D-674604B2E126}.Unicode Release|Any CPU.ActiveCfg = Release|Win32
		{E9A65567-B028-4278-881D-674604B2E126}.Unicode Release|Mixed Platforms.ActiveCfg = Release|Win32
		{E9A65567-B028-4278-881D-674604B2E126}.Unicode Release|Mixed Platforms.Build.0 = Release|Win32
		{E9A65567-B028-4278-881D-674604B2E126}.Unicode Release|Win32.ActiveCfg = Release|Win32
		{E9A65567-B028-4278-881D-674604B2E126}.Unicode Release|Win32.Build.0 = Release|Win32
		{E9A65567-B028-4278-881D-674604B2E126}.Unicode Release|x64.ActiveCfg = Release|Win32
		{9560EBEA-EB58-44F6-BB62-189833713FC0}.Debug|Any CPU.ActiveCfg = Debug|Win32
		{9560EBEA-EB58-44F6-BB62-189833713FC0}.Debug|Mixed Platforms.ActiveCfg = Debug|Win32
		{9560EBEA-EB58-44F6-BB62-189833713FC0}.Debug|Mixed Platforms.Build.0 = Debug|Win32
		{9560EBEA-EB58-44F6-BB62-189833713FC0}.Debug|Win32.ActiveCfg = Debug|Win32
		{9560EBEA-EB58-44F6-BB62-189833713FC0}.Debug|Win32.Build.0 = Debug|Win32
		{9560EBEA-EB58-44F6-BB62-189833713FC0}.Debug|x64.ActiveCfg = Debug|Win32
		{9560EBEA-EB58-44F6-BB62-189833713FC0}.Release|Any CPU.ActiveCfg = Release|Win32
		{9560EBEA-EB58-44F6-BB62-189833713FC0}.Release|Mixed Platforms.ActiveCfg = Release|Win32
		{9560EBEA-EB58-44F6-BB62-189833713FC0}.Release|Mixed Platforms.Build.0 = Release|Win32
		{9560EBEA-EB58-44F6-BB62-189833713FC0}.Release|Win32.ActiveCfg = Release|Win32
		{9560EBEA-EB58-44F6-BB62-189833713FC0}.Release|Win32.Build.0 = Release|Win32
		{9560EBEA-EB58-44F6-BB62-189833713FC0}.Release|x64.ActiveCfg = Release|Win32
		{9560EBEA-EB58-44F6-BB62-189833713FC0}.Template|Any CPU.ActiveCfg = Release|Win32
		{9560EBEA-EB58-44F6-BB62-189833713FC0}.Template|Mixed Platforms.ActiveCfg = Release|Win32
		{9560EBEA-EB58-44F6-BB62-189833713FC0}.Template|Mixed Platforms.Build.0 = Release|Win32
		{9560EBEA-EB58-44F6-BB62-189833713FC0}.Template|Win32.ActiveCfg = Release|Win32
		{9560EBEA-EB58-44F6-BB62-189833713FC0}.Template|Win32.Build.0 = Release|Win32
		{9560EBEA-EB58-44F6-BB62-189833713FC0}.Template|x64.ActiveCfg = Release|Win32
		{9560EBEA-EB58-44F6-BB62-189833713FC0}.Unicode Debug|Any CPU.ActiveCfg = Debug|Win32
		{9560EBEA-EB58-44F6-BB62-189833713FC0}.Unicode Debug|Mixed Platforms.ActiveCfg = Debug|Win32
		{9560EBEA-EB58-44F6-BB62-189833713FC0}.Unicode Debug|Mixed Platforms.Build.0 = Debug|Win32
		{9560EBEA-EB58-44F6-BB62-189833713FC0}.Unicode Debug|Win32.ActiveCfg = Debug|Win32
		{9560EBEA-EB58-44F6-BB62-189833713FC0}.Unicode Debug|Win32.Build.0 = Debug|Win32
		{9560EBEA-EB58-44F6-BB62-189833713FC0}.Unicode Debug|x64.ActiveCfg = Debug|Win32
		{9560EBEA-EB58-44F6-BB62-189833713FC0}.Unicode Release|Any CPU.ActiveCfg = Release|Win32
		{9560EBEA-EB58-44F6-BB62-189833713FC0}.Unicode Release|Mixed Platforms.ActiveCfg = Release|Win32
		{9560EBEA-EB58-44F6-BB62-189833713FC0}.Unicode Release|Mixed Platforms.Build.0 = Release|Win32
		{9560EBEA-EB58-44F6-BB62-189833713FC0}.Unicode Release|Win32.ActiveCfg = Release|Win32
		{9560EBEA-EB58-44F6-BB62-189833713FC0}.Unicode Release|Win32.Build.0 = Release|Win32
		{9560EBEA-EB58-44F6-BB62-189833713FC0}.Unicode Release|x64.ActiveCfg = Release|Win32
		{86C4A754-63F3-44A8-949D-E01D4FACA97A}.Debug|Any CPU.ActiveCfg = Debug|Win32
		{86C4A754-63F3-44A8-949D-E01D4FACA97A}.Debug|Mixed Platforms.ActiveCfg = Debug|Win32
		{86C4A754-63F3-44A8-949D-E01D4FACA97A}.Debug|Mixed Platforms.Build.0 = Debug|Win32
		{86C4A754-63F3-44A8-949D-E01D4FACA97A}.Debug|Win32.ActiveCfg = Debug|Win32
		{86C4A754-63F3-44A8-949D-E01D4FACA97A}.Debug|Win32.Build.0 = Debug|Win32
		{86C4A754-63F3-44A8-949D-E01D4FACA97A}.Debug|x64.ActiveCfg = Debug|Win32
		{86C4A754-63F3-44A8-949D-E01D4FACA97A}.Release|Any CPU.ActiveCfg = Release|Win32
		{86C4A754-63F3-44A8-949D-E01D4FACA97A}.Release|Mixed Platforms.ActiveCfg = Release|Win32
		{86C4A754-63F3-44A8-949D-E01D4FACA97A}.Release|Mixed Platforms.Build.0 = Release|Win32
		{86C4A754-63F3-44A8-949D-E01D4FACA97A}.Release|Win32.ActiveCfg = Release|Win32
		{86C4A754-63F3-44A8-949D-E01D4FACA97A}.Release|Win32.Build.0 = Release|Win32
		{86C4A754-63F3-44A8-949D-E01D4FACA97A}.Release|x64.ActiveCfg = Release|Win32
		{86C4A754-63F3-44A8-949D-E01D4FACA97A}.Template|Any CPU.ActiveCfg = Release|Win32
		{86C4A754-63F3-44A8-949D-E01D4FACA97A}.Template|Mixed Platforms.ActiveCfg = Release|Win32
		{86C4A754-63F3-44A8-949D-E01D4FACA97A}.Template|Mixed Platforms.Build.0 = Release|Win32
		{86C4A754-63F3-44A8-949D-E01D4FACA97A}.Template|Win32.ActiveCfg = Release|Win32
		{86C4A754-63F3-44A8-949D-E01D4FACA97A}.Template|Win32.Build.0 = Release|Win32
		{86C4A754-63F3-44A8-949D-E01D4FACA97A}.Template|x64.ActiveCfg = Release|Win32
		{86C4A754-63F3-44A8-949D-E01D4FACA97A}.Unicode Debug|Any CPU.ActiveCfg = Debug|Win32
		{86C4A754-63F3-44A8-949D-E01D4FACA97A}.Unicode Debug|Mixed Platforms.ActiveCfg = Debug|Win32
		{86C4A754-63F3-44A8-949D-E01D4FACA97A}.Unicode Debug|Mixed Platforms.Build.0 = Debug|Win32
		{86C4A754-63F3-44A8-949D-E01D4FACA97A}.Unicode Debug|Win32.ActiveCfg = Debug|Win32
		{86C4A754-63F3-44A8-949D-E01D4FACA97A}.Unicode Debug|Win32.Build.0 = Debug|Win32
		{86C4A754-63F3-44A8-949D-E01D4FACA97A}.Unicode Debug|x64.ActiveCfg = Debug|Win32
		{86C4A754-63F3-44A8-949D-E01D4FACA97A}.Unicode Release|Any CPU.ActiveCfg = Release|Win32
		{86C4A754-63F3-44A8-949D-E01D4FACA97A}.Unicode Release|Mixed Platforms.ActiveCfg = Release|Win32
		{86C4A754-63F3-44A8-949D-E01D4FACA97A}.Unicode Release|Mixed Platforms.Build.0 = Release|Win32
		{86C4A754-63F3-44A8-949D-E01D4FACA97A}.Unicode Release|Win32.ActiveCfg = Release|Win32
		{86C4A754-63F3-44A8-949D-E01D4FACA97A}.Unicode Release|Win32.Build.0 = Release|Win32
		{86C4A754-63F3-44A8-949D-E01D4FACA97A}.Unicode Release|x64.ActiveCfg = Release|Win32
		{76CA38FC-61AC-4D71-B926-8F55406C9542}.Debug|Any CPU.ActiveCfg = Debug|Win32
		{76CA38FC-61AC-4D71-B926-8F55406C9542}.Debug|Mixed Platforms.ActiveCfg = Debug|Win32
		{76CA38FC-61AC-4D71-B926-8F55406C9542}.Debug|Mixed Platforms.Build.0 = Debug|Win32
		{76CA38FC-61AC-4D71-B926-8F55406C9542}.Debug|Win32.ActiveCfg = Debug|Win32
		{76CA38FC-61AC-4D71-B926-8F55406C9542}.Debug|Win32.Build.0 = Debug|Win32
		{76CA38FC-61AC-4D71-B926-8F55406C9542}.Debug|x64.ActiveCfg = Debug|Win32
		{76CA38FC-61AC-4D71-B926-8F55406C9542}.Release|Any CPU.ActiveCfg = Release|Win32
		{76CA38FC-61AC-4D71-B926-8F55406C9542}.Release|Mixed Platforms.ActiveCfg = Release|Win32
		{76CA38FC-61AC-4D71-B926-8F55406C9542}.Release|Mixed Platforms.Build.0 = Release|Win32
		{76CA38FC-61AC-4D71-B926-8F55406C9542}.Release|Win32.ActiveCfg = Release|Win32
		{76CA38FC-61AC-4D71-B926-8F55406C9542}.Release|Win32.Build.0 = Release|Win32
		{76CA38FC-61AC-4D71-B926-8F55406C9542}.Release|x64.ActiveCfg = Release|Win32
		{76CA38FC-61AC-4D71-B926-8F55406C9542}.Template|Any CPU.ActiveCfg = Release|Win32
		{76CA38FC-61AC-4D71-B926-8F55406C9542}.Template|Mixed Platforms.ActiveCfg = Release|Win32
		{76CA38FC-61AC-4D71-B926-8F55406C9542}.Template|Mixed Platforms.Build.0 = Release|Win32
		{76CA38FC-61AC-4D71-B926-8F55406C9542}.Template|Win32.ActiveCfg = Release|Win32
		{76CA38FC-61AC-4D71-B926-8F55406C9542}.Template|Win32.Build.0 = Release|Win32
		{76CA38FC-61AC-4D71-B926-8F55406C9542}.Template|x64.ActiveCfg = Release|Win32
		{76CA38FC-61AC-4D71-B926-8F55406C9542}.Unicode Debug|Any CPU.ActiveCfg = Debug|Win32
		{76CA38FC-61AC-4D71-B926-8F55406C9542}.Unicode Debug|Mixed Platforms.ActiveCfg = Debug|Win32
		{76CA38FC-61AC-4D71-B926-8F55406C9542}.Unicode Debug|Mixed Platforms.Build.0 = Debug|Win32
		{76CA38FC-61AC-4D71-B926-8F55406C9542}.Unicode Debug|Win32.ActiveCfg = Debug|Win32
		{76CA38FC-61AC-4D71-B926-8F55406C9542}.Unicode Debug|Win32.Build.0 = Debug|Win32
		{76CA38FC-61AC-4D71-B926-8F55406C9542}.Unicode Debug|x64.ActiveCfg = Debug|Win32
		{76CA38FC-61AC-4D71-B926-8F55406C9542}.Unicode Release|Any CPU.ActiveCfg = Release|Win32
		{76CA38FC-61AC-4D71-B926-8F55406C9542}.Unicode Release|Mixed Platforms.ActiveCfg = Release|Win32
		{76CA38FC-61AC-4D71-B926-8F55406C9542}.Unicode Release|Mixed Platforms.Build.0 = Release|Win32
		{76CA38FC-61AC-4D71-B926-8F55406C9542}.Unicode Release|Win32.ActiveCfg = Release|Win32
		{76CA38FC-61AC-4D71-B926-8F55406C9542}.Unicode Release|Win32.Build.0 = Release|Win32
		{76CA38FC-61AC-4D71-B926-8F55406C9542}.Unicode Release|x64.ActiveCfg = Release|Win32
		{D78A3406-8DF2-45A9-9390-7D05E8E66AC6}.Debug|Any CPU.ActiveCfg = Debug|x64
		{D78A3406-8DF2-45A9-9390-7D05E8E66AC6}.Debug|Mixed Platforms.ActiveCfg = Debug|Win32
		{D78A3406-8DF2-45A9-9390-7D05E8E66AC6}.Debug|Mixed Platforms.Build.0 = Debug|Win32
		{D78A3406-8DF2-45A9-9390-7D05E8E66AC6}.Debug|Win32.ActiveCfg = Debug|Win32
		{D78A3406-8DF2-45A9-9390-7D05E8E66AC6}.Debug|Win32.Build.0 = Debug|Win32
		{D78A3406-8DF2-45A9-9390-7D05E8E66AC6}.Debug|x64.ActiveCfg = Debug|x64
		{D78A3406-8DF2-45A9-9390-7D05E8E66AC6}.Debug|x64.Build.0 = Debug|x64
		{D78A3406-8DF2-45A9-9390-7D05E8E66AC6}.Release|Any CPU.ActiveCfg = Release|x64
		{D78A3406-8DF2-45A9-9390-7D05E8E66AC6}.Release|Mixed Platforms.ActiveCfg = Release|x64
		{D78A3406-8DF2-45A9-9390-7D05E8E66AC6}.Release|Mixed Platforms.Build.0 = Release|x64
		{D78A3406-8DF2-45A9-9390-7D05E8E66AC6}.Release|Win32.ActiveCfg = Release|Win32
		{D78A3406-8DF2-45A9-9390-7D05E8E66AC6}.Release|Win32.Build.0 = Release|Win32
		{D78A3406-8DF2-45A9-9390-7D05E8E66AC6}.Release|x64.ActiveCfg = Release|x64
		{D78A3406-8DF2-45A9-9390-7D05E8E66AC6}.Release|x64.Build.0 = Release|x64
		{D78A3406-8DF2-45A9-9390-7D05E8E66AC6}.Template|Any CPU.ActiveCfg = Release|x64
		{D78A3406-8DF2-45A9-9390-7D05E8E66AC6}.Template|Mixed Platforms.ActiveCfg = Release|x64
		{D78A3406-8DF2-45A9-9390-7D05E8E66AC6}.Template|Mixed Platforms.Build.0 = Release|x64
		{D78A3406-8DF2-45A9-9390-7D05E8E66AC6}.Template|Win32.ActiveCfg = Release|x64
		{D78A3406-8DF2-45A9-9390-7D05E8E66AC6}.Template|x64.ActiveCfg = Release|x64
		{D78A3406-8DF2-45A9-9390-7D05E8E66AC6}.Template|x64.Build.0 = Release|x64
		{D78A3406-8DF2-45A9-9390-7D05E8E66AC6}.Unicode Debug|Any CPU.ActiveCfg = Debug|x64
		{D78A3406-8DF2-45A9-9390-7D05E8E66AC6}.Unicode Debug|Mixed Platforms.ActiveCfg = Debug|x64
		{D78A3406-8DF2-45A9-9390-7D05E8E66AC6}.Unicode Debug|Mixed Platforms.Build.0 = Debug|x64
		{D78A3406-8DF2-45A9-9390-7D05E8E66AC6}.Unicode Debug|Win32.ActiveCfg = Debug|Win32
		{D78A3406-8DF2-45A9-9390-7D05E8E66AC6}.Unicode Debug|Win32.Build.0 = Debug|Win32
		{D78A3406-8DF2-45A9-9390-7D05E8E66AC6}.Unicode Debug|x64.ActiveCfg = Debug|x64
		{D78A3406-8DF2-45A9-9390-7D05E8E66AC6}.Unicode Debug|x64.Build.0 = Debug|x64
		{D78A3406-8DF2-45A9-9390-7D05E8E66AC6}.Unicode Release|Any CPU.ActiveCfg = Release|x64
		{D78A3406-8DF2-45A9-9390-7D05E8E66AC6}.Unicode Release|Mixed Platforms.ActiveCfg = Release|x64
		{D78A3406-8DF2-45A9-9390-7D05E8E66AC6}.Unicode Release|Mixed Platforms.Build.0 = Release|x64
		{D78A3406-8DF2-45A9-9390-7D05E8E66AC6}.Unicode Release|Win32.ActiveCfg = Release|Win32
		{D78A3406-8DF2-45A9-9390-7D05E8E66AC6}.Unicode Release|Win32.Build.0 = Release|Win32
		{D78A3406-8DF2-45A9-9390-7D05E8E66AC6}.Unicode Release|x64.ActiveCfg = Release|x64
		{D78A3406-8DF2-45A9-9390-7D05E8E66AC6}.Unicode Release|x64.Build.0 = Release|x64
		{0D845AA6-E9B7-4542-9A2D-EB371076C021}.Debug|Any CPU.ActiveCfg = Debug|Any CPU
		{0D845AA6-E9B7-4542-9A2D-EB371076C021}.Debug|Any CPU.Build.0 = Debug|Any CPU
		{0D845AA6-E9B7-4542-9A2D-EB371076C021}.Debug|Mixed Platforms.ActiveCfg = Release|Any CPU
		{0D845AA6-E9B7-4542-9A2D-EB371076C021}.Debug|Mixed Platforms.Build.0 = Release|Any CPU
		{0D845AA6-E9B7-4542-9A2D-EB371076C021}.Debug|Win32.ActiveCfg = Release|Any CPU
		{0D845AA6-E9B7-4542-9A2D-EB371076C021}.Debug|Win32.Build.0 = Release|Any CPU
		{0D845AA6-E9B7-4542-9A2D-EB371076C021}.Debug|x64.ActiveCfg = Debug|Any CPU
		{0D845AA6-E9B7-4542-9A2D-EB371076C021}.Debug|x64.Build.0 = Debug|Any CPU
		{0D845AA6-E9B7-4542-9A2D-EB371076C021}.Release|Any CPU.ActiveCfg = Release|Any CPU
		{0D845AA6-E9B7-4542-9A2D-EB371076C021}.Release|Any CPU.Build.0 = Release|Any CPU
		{0D845AA6-E9B7-4542-9A2D-EB371076C021}.Release|Mixed Platforms.ActiveCfg = Release|Any CPU
		{0D845AA6-E9B7-4542-9A2D-EB371076C021}.Release|Mixed Platforms.Build.0 = Release|Any CPU
		{0D845AA6-E9B7-4542-9A2D-EB371076C021}.Release|Win32.ActiveCfg = Release|Any CPU
		{0D845AA6-E9B7-4542-9A2D-EB371076C021}.Release|Win32.Build.0 = Release|Any CPU
		{0D845AA6-E9B7-4542-9A2D-EB371076C021}.Release|x64.ActiveCfg = Release|Any CPU
		{0D845AA6-E9B7-4542-9A2D-EB371076C021}.Release|x64.Build.0 = Release|Any CPU
		{0D845AA6-E9B7-4542-9A2D-EB371076C021}.Template|Any CPU.ActiveCfg = Release|Any CPU
		{0D845AA6-E9B7-4542-9A2D-EB371076C021}.Template|Any CPU.Build.0 = Release|Any CPU
		{0D845AA6-E9B7-4542-9A2D-EB371076C021}.Template|Mixed Platforms.ActiveCfg = Release|Any CPU
		{0D845AA6-E9B7-4542-9A2D-EB371076C021}.Template|Mixed Platforms.Build.0 = Release|Any CPU
		{0D845AA6-E9B7-4542-9A2D-EB371076C021}.Template|Win32.ActiveCfg = Release|Any CPU
		{0D845AA6-E9B7-4542-9A2D-EB371076C021}.Template|Win32.Build.0 = Release|Any CPU
		{0D845AA6-E9B7-4542-9A2D-EB371076C021}.Template|x64.ActiveCfg = Release|Any CPU
		{0D845AA6-E9B7-4542-9A2D-EB371076C021}.Template|x64.Build.0 = Release|Any CPU
		{0D845AA6-E9B7-4542-9A2D-EB371076C021}.Unicode Debug|Any CPU.ActiveCfg = Debug|Any CPU
		{0D845AA6-E9B7-4542-9A2D-EB371076C021}.Unicode Debug|Any CPU.Build.0 = Debug|Any CPU
		{0D845AA6-E9B7-4542-9A2D-EB371076C021}.Unicode Debug|Mixed Platforms.ActiveCfg = Debug|Any CPU
		{0D845AA6-E9B7-4542-9A2D-EB371076C021}.Unicode Debug|Mixed Platforms.Build.0 = Debug|Any CPU
		{0D845AA6-E9B7-4542-9A2D-EB371076C021}.Unicode Debug|Win32.ActiveCfg = Debug|Any CPU
		{0D845AA6-E9B7-4542-9A2D-EB371076C021}.Unicode Debug|Win32.Build.0 = Debug|Any CPU
		{0D845AA6-E9B7-4542-9A2D-EB371076C021}.Unicode Debug|x64.ActiveCfg = Debug|Any CPU
		{0D845AA6-E9B7-4542-9A2D-EB371076C021}.Unicode Debug|x64.Build.0 = Debug|Any CPU
		{0D845AA6-E9B7-4542-9A2D-EB371076C021}.Unicode Release|Any CPU.ActiveCfg = Release|Any CPU
		{0D845AA6-E9B7-4542-9A2D-EB371076C021}.Unicode Release|Any CPU.Build.0 = Release|Any CPU
		{0D845AA6-E9B7-4542-9A2D-EB371076C021}.Unicode Release|Mixed Platforms.ActiveCfg = Release|Any CPU
		{0D845AA6-E9B7-4542-9A2D-EB371076C021}.Unicode Release|Mixed Platforms.Build.0 = Release|Any CPU
		{0D845AA6-E9B7-4542-9A2D-EB371076C021}.Unicode Release|Win32.ActiveCfg = Release|Any CPU
		{0D845AA6-E9B7-4542-9A2D-EB371076C021}.Unicode Release|Win32.Build.0 = Release|Any CPU
		{0D845AA6-E9B7-4542-9A2D-EB371076C021}.Unicode Release|x64.ActiveCfg = Release|Any CPU
		{0D845AA6-E9B7-4542-9A2D-EB371076C021}.Unicode Release|x64.Build.0 = Release|Any CPU
		{7ECEC3E5-9E56-40C5-8043-9B472536F566}.Debug|Any CPU.ActiveCfg = Debug|Win32
		{7ECEC3E5-9E56-40C5-8043-9B472536F566}.Debug|Mixed Platforms.ActiveCfg = Debug|Win32
		{7ECEC3E5-9E56-40C5-8043-9B472536F566}.Debug|Mixed Platforms.Build.0 = Debug|Win32
		{7ECEC3E5-9E56-40C5-8043-9B472536F566}.Debug|Win32.ActiveCfg = Debug|Win32
		{7ECEC3E5-9E56-40C5-8043-9B472536F566}.Debug|Win32.Build.0 = Debug|Win32
		{7ECEC3E5-9E56-40C5-8043-9B472536F566}.Debug|x64.ActiveCfg = Debug|Win32
		{7ECEC3E5-9E56-40C5-8043-9B472536F566}.Release|Any CPU.ActiveCfg = Release|Win32
		{7ECEC3E5-9E56-40C5-8043-9B472536F566}.Release|Mixed Platforms.ActiveCfg = Release|Win32
		{7ECEC3E5-9E56-40C5-8043-9B472536F566}.Release|Mixed Platforms.Build.0 = Release|Win32
		{7ECEC3E5-9E56-40C5-8043-9B472536F566}.Release|Win32.ActiveCfg = Release|Win32
		{7ECEC3E5-9E56-40C5-8043-9B472536F566}.Release|Win32.Build.0 = Release|Win32
		{7ECEC3E5-9E56-40C5-8043-9B472536F566}.Release|x64.ActiveCfg = Release|Win32
		{7ECEC3E5-9E56-40C5-8043-9B472536F566}.Template|Any CPU.ActiveCfg = Release|Win32
		{7ECEC3E5-9E56-40C5-8043-9B472536F566}.Template|Any CPU.Build.0 = Release|Win32
		{7ECEC3E5-9E56-40C5-8043-9B472536F566}.Template|Mixed Platforms.ActiveCfg = Release|Win32
		{7ECEC3E5-9E56-40C5-8043-9B472536F566}.Template|Mixed Platforms.Build.0 = Release|Win32
		{7ECEC3E5-9E56-40C5-8043-9B472536F566}.Template|Win32.ActiveCfg = Release|Win32
		{7ECEC3E5-9E56-40C5-8043-9B472536F566}.Template|Win32.Build.0 = Release|Win32
		{7ECEC3E5-9E56-40C5-8043-9B472536F566}.Template|x64.ActiveCfg = Release|Win32
		{7ECEC3E5-9E56-40C5-8043-9B472536F566}.Template|x64.Build.0 = Release|Win32
		{7ECEC3E5-9E56-40C5-8043-9B472536F566}.Unicode Debug|Any CPU.ActiveCfg = Release|Win32
		{7ECEC3E5-9E56-40C5-8043-9B472536F566}.Unicode Debug|Any CPU.Build.0 = Release|Win32
		{7ECEC3E5-9E56-40C5-8043-9B472536F566}.Unicode Debug|Mixed Platforms.ActiveCfg = Debug|Win32
		{7ECEC3E5-9E56-40C5-8043-9B472536F566}.Unicode Debug|Mixed Platforms.Build.0 = Debug|Win32
		{7ECEC3E5-9E56-40C5-8043-9B472536F566}.Unicode Debug|Win32.ActiveCfg = Debug|Win32
		{7ECEC3E5-9E56-40C5-8043-9B472536F566}.Unicode Debug|Win32.Build.0 = Debug|Win32
		{7ECEC3E5-9E56-40C5-8043-9B472536F566}.Unicode Debug|x64.ActiveCfg = Release|Win32
		{7ECEC3E5-9E56-40C5-8043-9B472536F566}.Unicode Debug|x64.Build.0 = Release|Win32
		{7ECEC3E5-9E56-40C5-8043-9B472536F566}.Unicode Release|Any CPU.ActiveCfg = Release|Win32
		{7ECEC3E5-9E56-40C5-8043-9B472536F566}.Unicode Release|Any CPU.Build.0 = Release|Win32
		{7ECEC3E5-9E56-40C5-8043-9B472536F566}.Unicode Release|Mixed Platforms.ActiveCfg = Release|Win32
		{7ECEC3E5-9E56-40C5-8043-9B472536F566}.Unicode Release|Mixed Platforms.Build.0 = Release|Win32
		{7ECEC3E5-9E56-40C5-8043-9B472536F566}.Unicode Release|Win32.ActiveCfg = Release|Win32
		{7ECEC3E5-9E56-40C5-8043-9B472536F566}.Unicode Release|Win32.Build.0 = Release|Win32
		{7ECEC3E5-9E56-40C5-8043-9B472536F566}.Unicode Release|x64.ActiveCfg = Release|Win32
		{7ECEC3E5-9E56-40C5-8043-9B472536F566}.Unicode Release|x64.Build.0 = Release|Win32
		{E8AE912C-1A6A-429A-9CFC-B6BE1DCEB31C}.Debug|Any CPU.ActiveCfg = Debug|Win32
		{E8AE912C-1A6A-429A-9CFC-B6BE1DCEB31C}.Debug|Mixed Platforms.ActiveCfg = Debug|Win32
		{E8AE912C-1A6A-429A-9CFC-B6BE1DCEB31C}.Debug|Mixed Platforms.Build.0 = Debug|Win32
		{E8AE912C-1A6A-429A-9CFC-B6BE1DCEB31C}.Debug|Win32.ActiveCfg = Debug|Win32
		{E8AE912C-1A6A-429A-9CFC-B6BE1DCEB31C}.Debug|Win32.Build.0 = Debug|Win32
		{E8AE912C-1A6A-429A-9CFC-B6BE1DCEB31C}.Debug|x64.ActiveCfg = Debug|x64
		{E8AE912C-1A6A-429A-9CFC-B6BE1DCEB31C}.Debug|x64.Build.0 = Debug|x64
		{E8AE912C-1A6A-429A-9CFC-B6BE1DCEB31C}.Release|Any CPU.ActiveCfg = Release|Win32
		{E8AE912C-1A6A-429A-9CFC-B6BE1DCEB31C}.Release|Mixed Platforms.ActiveCfg = Release|Win32
		{E8AE912C-1A6A-429A-9CFC-B6BE1DCEB31C}.Release|Mixed Platforms.Build.0 = Release|Win32
		{E8AE912C-1A6A-429A-9CFC-B6BE1DCEB31C}.Release|Win32.ActiveCfg = Release|Win32
		{E8AE912C-1A6A-429A-9CFC-B6BE1DCEB31C}.Release|Win32.Build.0 = Release|Win32
		{E8AE912C-1A6A-429A-9CFC-B6BE1DCEB31C}.Release|x64.ActiveCfg = Release|x64
		{E8AE912C-1A6A-429A-9CFC-B6BE1DCEB31C}.Release|x64.Build.0 = Release|x64
		{E8AE912C-1A6A-429A-9CFC-B6BE1DCEB31C}.Template|Any CPU.ActiveCfg = Release|x64
		{E8AE912C-1A6A-429A-9CFC-B6BE1DCEB31C}.Template|Any CPU.Build.0 = Release|x64
		{E8AE912C-1A6A-429A-9CFC-B6BE1DCEB31C}.Template|Mixed Platforms.ActiveCfg = Release|Win32
		{E8AE912C-1A6A-429A-9CFC-B6BE1DCEB31C}.Template|Mixed Platforms.Build.0 = Release|Win32
		{E8AE912C-1A6A-429A-9CFC-B6BE1DCEB31C}.Template|Win32.ActiveCfg = Release|Win32
		{E8AE912C-1A6A-429A-9CFC-B6BE1DCEB31C}.Template|Win32.Build.0 = Release|Win32
		{E8AE912C-1A6A-429A-9CFC-B6BE1DCEB31C}.Template|x64.ActiveCfg = Release|x64
		{E8AE912C-1A6A-429A-9CFC-B6BE1DCEB31C}.Template|x64.Build.0 = Release|x64
		{E8AE912C-1A6A-429A-9CFC-B6BE1DCEB31C}.Unicode Debug|Any CPU.ActiveCfg = Release|x64
		{E8AE912C-1A6A-429A-9CFC-B6BE1DCEB31C}.Unicode Debug|Any CPU.Build.0 = Release|x64
		{E8AE912C-1A6A-429A-9CFC-B6BE1DCEB31C}.Unicode Debug|Mixed Platforms.ActiveCfg = Debug|Win32
		{E8AE912C-1A6A-429A-9CFC-B6BE1DCEB31C}.Unicode Debug|Mixed Platforms.Build.0 = Debug|Win32
		{E8AE912C-1A6A-429A-9CFC-B6BE1DCEB31C}.Unicode Debug|Win32.ActiveCfg = Debug|Win32
		{E8AE912C-1A6A-429A-9CFC-B6BE1DCEB31C}.Unicode Debug|Win32.Build.0 = Debug|Win32
		{E8AE912C-1A6A-429A-9CFC-B6BE1DCEB31C}.Unicode Debug|x64.ActiveCfg = Debug|x64
		{E8AE912C-1A6A-429A-9CFC-B6BE1DCEB31C}.Unicode Debug|x64.Build.0 = Debug|x64
		{E8AE912C-1A6A-429A-9CFC-B6BE1DCEB31C}.Unicode Release|Any CPU.ActiveCfg = Release|x64
		{E8AE912C-1A6A-429A-9CFC-B6BE1DCEB31C}.Unicode Release|Any CPU.Build.0 = Release|x64
		{E8AE912C-1A6A-429A-9CFC-B6BE1DCEB31C}.Unicode Release|Mixed Platforms.ActiveCfg = Release|Win32
		{E8AE912C-1A6A-429A-9CFC-B6BE1DCEB31C}.Unicode Release|Mixed Platforms.Build.0 = Release|Win32
		{E8AE912C-1A6A-429A-9CFC-B6BE1DCEB31C}.Unicode Release|Win32.ActiveCfg = Release|Win32
		{E8AE912C-1A6A-429A-9CFC-B6BE1DCEB31C}.Unicode Release|Win32.Build.0 = Release|Win32
		{E8AE912C-1A6A-429A-9CFC-B6BE1DCEB31C}.Unicode Release|x64.ActiveCfg = Release|x64
		{E8AE912C-1A6A-429A-9CFC-B6BE1DCEB31C}.Unicode Release|x64.Build.0 = Release|x64
	EndGlobalSection
	GlobalSection(SolutionProperties) = preSolution
		HideSolutionNode = FALSE
	EndGlobalSection
EndGlobal
