
Microsoft Visual Studio Solution File, Format Version 12.00
# Visual Studio Version 16
VisualStudioVersion = 16.0.30804.86
MinimumVisualStudioVersion = 10.0.40219.1
Project("{FAE04EC0-301F-11D3-BF4B-00C04F79EFBC}") = "T3000Controls", "T3000Controls\T3000Controls.csproj", "{0D845AA6-E9B7-4542-9A2D-EB371076C021}"
EndProject
Project("{FAE04EC0-301F-11D3-BF4B-00C04F79EFBC}") = "TemcoStandardBacnetTool", "BacnetExplore\Yabe\TemcoStandardBacnetTool.csproj", "{EE493B17-8185-406C-881F-1144092F01CB}"
EndProject
Project("{8BC9CEB8-8B4A-11D0-8D11-00A0C91BC942}") = "BACnet_Stack_Library", "BacNetDllforVc\BACnet Stack Library - VS2019.vcxproj", "{E9A65567-B028-4278-881D-674604B2E126}"
EndProject
Project("{8BC9CEB8-8B4A-11D0-8D11-00A0C91BC942}") = "FlexSlideBar", "FlexSlideBar\FlexSlideBar -  VS2019.vcxproj", "{9560EBEA-EB58-44F6-BB62-189833713FC0}"
EndProject
Project("{8BC9CEB8-8B4A-11D0-8D11-00A0C91BC942}") = "ISP", "ISP\ISP_VS2019.vcxproj", "{ECE89A1C-344C-4B1C-B6A7-6266F9BB607A}"
EndProject
Project("{8BC9CEB8-8B4A-11D0-8D11-00A0C91BC942}") = "ModbusPoll", "Modbus Poll\ModbusPoll - VS2019.vcxproj", "{7ECEC3E5-9E56-40C5-8043-9B472536F566}"
EndProject
Project("{8BC9CEB8-8B4A-11D0-8D11-00A0C91BC942}") = "ModbusDllforVc", "ModbusDllforVc\ModbusDllforVc\ModbusDllforVc -  VS2019.vcxproj", "{86C4A754-63F3-44A8-949D-E01D4FACA97A}"
EndProject
Project("{8BC9CEB8-8B4A-11D0-8D11-00A0C91BC942}") = "MultipleMonthCal32", "MultipleMonthCal32\MultipleMonthCal32 - VS2019.vcxproj", "{D78A3406-8DF2-45A9-9390-7D05E8E66AC6}"
EndProject
Project("{8BC9CEB8-8B4A-11D0-8D11-00A0C91BC942}") = "Update", "Update\Update - VS2019.vcxproj", "{76CA38FC-61AC-4D71-B926-8F55406C9542}"
EndProject
Project("{8BC9CEB8-8B4A-11D0-8D11-00A0C91BC942}") = "T3000", "T3000\T3000_VS2019.vcxproj", "{F7226464-C41C-4909-BF74-97328B72FFC8}"
EndProject
Global
	GlobalSection(SolutionConfigurationPlatforms) = preSolution
		Debug|Any CPU = Debug|Any CPU
		Debug|x64 = Debug|x64
		Debug|x86 = Debug|x86
		Release|Any CPU = Release|Any CPU
		Release|x64 = Release|x64
		Release|x86 = Release|x86
		Template|Any CPU = Template|Any CPU
		Template|x64 = Template|x64
		Template|x86 = Template|x86
	EndGlobalSection
	GlobalSection(ProjectConfigurationPlatforms) = postSolution
		{0D845AA6-E9B7-4542-9A2D-EB371076C021}.Debug|Any CPU.ActiveCfg = Debug|Any CPU
		{0D845AA6-E9B7-4542-9A2D-EB371076C021}.Debug|Any CPU.Build.0 = Debug|Any CPU
		{0D845AA6-E9B7-4542-9A2D-EB371076C021}.Debug|x64.ActiveCfg = Debug|Any CPU
		{0D845AA6-E9B7-4542-9A2D-EB371076C021}.Debug|x64.Build.0 = Debug|Any CPU
		{0D845AA6-E9B7-4542-9A2D-EB371076C021}.Debug|x86.ActiveCfg = Debug|Any CPU
		{0D845AA6-E9B7-4542-9A2D-EB371076C021}.Debug|x86.Build.0 = Debug|Any CPU
		{0D845AA6-E9B7-4542-9A2D-EB371076C021}.Release|Any CPU.ActiveCfg = Release|Any CPU
		{0D845AA6-E9B7-4542-9A2D-EB371076C021}.Release|x64.ActiveCfg = Release|Any CPU
		{0D845AA6-E9B7-4542-9A2D-EB371076C021}.Release|x64.Build.0 = Release|Any CPU
		{0D845AA6-E9B7-4542-9A2D-EB371076C021}.Release|x86.ActiveCfg = Release|Any CPU
		{0D845AA6-E9B7-4542-9A2D-EB371076C021}.Release|x86.Build.0 = Release|Any CPU
		{0D845AA6-E9B7-4542-9A2D-EB371076C021}.Template|Any CPU.ActiveCfg = Release|Any CPU
		{0D845AA6-E9B7-4542-9A2D-EB371076C021}.Template|Any CPU.Build.0 = Release|Any CPU
		{0D845AA6-E9B7-4542-9A2D-EB371076C021}.Template|x64.ActiveCfg = Release|Any CPU
		{0D845AA6-E9B7-4542-9A2D-EB371076C021}.Template|x64.Build.0 = Release|Any CPU
		{0D845AA6-E9B7-4542-9A2D-EB371076C021}.Template|x86.ActiveCfg = Release|Any CPU
		{0D845AA6-E9B7-4542-9A2D-EB371076C021}.Template|x86.Build.0 = Release|Any CPU
		{EE493B17-8185-406C-881F-1144092F01CB}.Debug|Any CPU.ActiveCfg = Debug|x86
		{EE493B17-8185-406C-881F-1144092F01CB}.Debug|x64.ActiveCfg = Debug|x86
		{EE493B17-8185-406C-881F-1144092F01CB}.Debug|x86.ActiveCfg = Debug|x86
		{EE493B17-8185-406C-881F-1144092F01CB}.Debug|x86.Build.0 = Debug|x86
		{EE493B17-8185-406C-881F-1144092F01CB}.Release|Any CPU.ActiveCfg = Release|x86
		{EE493B17-8185-406C-881F-1144092F01CB}.Release|x64.ActiveCfg = Release|x86
		{EE493B17-8185-406C-881F-1144092F01CB}.Release|x86.ActiveCfg = Release|x86
		{EE493B17-8185-406C-881F-1144092F01CB}.Release|x86.Build.0 = Release|x86
		{EE493B17-8185-406C-881F-1144092F01CB}.Template|Any CPU.ActiveCfg = Release|x86
		{EE493B17-8185-406C-881F-1144092F01CB}.Template|Any CPU.Build.0 = Release|x86
		{EE493B17-8185-406C-881F-1144092F01CB}.Template|x64.ActiveCfg = Release|x86
		{EE493B17-8185-406C-881F-1144092F01CB}.Template|x64.Build.0 = Release|x86
		{EE493B17-8185-406C-881F-1144092F01CB}.Template|x86.ActiveCfg = Release|x86
		{EE493B17-8185-406C-881F-1144092F01CB}.Template|x86.Build.0 = Release|x86
		{E9A65567-B028-4278-881D-674604B2E126}.Debug|Any CPU.ActiveCfg = Debug|Win32
		{E9A65567-B028-4278-881D-674604B2E126}.Debug|Any CPU.Build.0 = Debug|Win32
		{E9A65567-B028-4278-881D-674604B2E126}.Debug|x64.ActiveCfg = Debug|Win32
		{E9A65567-B028-4278-881D-674604B2E126}.Debug|x86.ActiveCfg = Debug|Win32
		{E9A65567-B028-4278-881D-674604B2E126}.Debug|x86.Build.0 = Debug|Win32
		{E9A65567-B028-4278-881D-674604B2E126}.Release|Any CPU.ActiveCfg = Release|Win32
		{E9A65567-B028-4278-881D-674604B2E126}.Release|Any CPU.Build.0 = Release|Win32
		{E9A65567-B028-4278-881D-674604B2E126}.Release|x64.ActiveCfg = Release|Win32
		{E9A65567-B028-4278-881D-674604B2E126}.Release|x86.ActiveCfg = Release|Win32
		{E9A65567-B028-4278-881D-674604B2E126}.Release|x86.Build.0 = Release|Win32
		{E9A65567-B028-4278-881D-674604B2E126}.Template|Any CPU.ActiveCfg = Debug|Win32
		{E9A65567-B028-4278-881D-674604B2E126}.Template|Any CPU.Build.0 = Debug|Win32
		{E9A65567-B028-4278-881D-674604B2E126}.Template|x64.ActiveCfg = Debug|Win32
		{E9A65567-B028-4278-881D-674604B2E126}.Template|x64.Build.0 = Debug|Win32
		{E9A65567-B028-4278-881D-674604B2E126}.Template|x86.ActiveCfg = Debug|Win32
		{E9A65567-B028-4278-881D-674604B2E126}.Template|x86.Build.0 = Debug|Win32
		{9560EBEA-EB58-44F6-BB62-189833713FC0}.Debug|Any CPU.ActiveCfg = Debug|Win32
		{9560EBEA-EB58-44F6-BB62-189833713FC0}.Debug|x64.ActiveCfg = Debug|Win32
		{9560EBEA-EB58-44F6-BB62-189833713FC0}.Debug|x86.ActiveCfg = Debug|Win32
		{9560EBEA-EB58-44F6-BB62-189833713FC0}.Debug|x86.Build.0 = Debug|Win32
		{9560EBEA-EB58-44F6-BB62-189833713FC0}.Release|Any CPU.ActiveCfg = Release|Win32
		{9560EBEA-EB58-44F6-BB62-189833713FC0}.Release|x64.ActiveCfg = Release|Win32
		{9560EBEA-EB58-44F6-BB62-189833713FC0}.Release|x86.ActiveCfg = Release|Win32
		{9560EBEA-EB58-44F6-BB62-189833713FC0}.Release|x86.Build.0 = Release|Win32
		{9560EBEA-EB58-44F6-BB62-189833713FC0}.Template|Any CPU.ActiveCfg = Debug|Win32
		{9560EBEA-EB58-44F6-BB62-189833713FC0}.Template|Any CPU.Build.0 = Debug|Win32
		{9560EBEA-EB58-44F6-BB62-189833713FC0}.Template|x64.ActiveCfg = Debug|Win32
		{9560EBEA-EB58-44F6-BB62-189833713FC0}.Template|x64.Build.0 = Debug|Win32
		{9560EBEA-EB58-44F6-BB62-189833713FC0}.Template|x86.ActiveCfg = Debug|Win32
		{9560EBEA-EB58-44F6-BB62-189833713FC0}.Template|x86.Build.0 = Debug|Win32
		{ECE89A1C-344C-4B1C-B6A7-6266F9BB607A}.Debug|Any CPU.ActiveCfg = Debug|Win32
		{ECE89A1C-344C-4B1C-B6A7-6266F9BB607A}.Debug|Any CPU.Build.0 = Debug|Win32
		{ECE89A1C-344C-4B1C-B6A7-6266F9BB607A}.Debug|x64.ActiveCfg = Debug|Win32
		{ECE89A1C-344C-4B1C-B6A7-6266F9BB607A}.Debug|x86.ActiveCfg = Debug|Win32
		{ECE89A1C-344C-4B1C-B6A7-6266F9BB607A}.Debug|x86.Build.0 = Debug|Win32
		{ECE89A1C-344C-4B1C-B6A7-6266F9BB607A}.Release|Any CPU.ActiveCfg = Release|Win32
		{ECE89A1C-344C-4B1C-B6A7-6266F9BB607A}.Release|Any CPU.Build.0 = Release|Win32
		{ECE89A1C-344C-4B1C-B6A7-6266F9BB607A}.Release|x64.ActiveCfg = Release|Win32
		{ECE89A1C-344C-4B1C-B6A7-6266F9BB607A}.Release|x86.ActiveCfg = Release|Win32
		{ECE89A1C-344C-4B1C-B6A7-6266F9BB607A}.Release|x86.Build.0 = Release|Win32
		{ECE89A1C-344C-4B1C-B6A7-6266F9BB607A}.Template|Any CPU.ActiveCfg = Template|Win32
		{ECE89A1C-344C-4B1C-B6A7-6266F9BB607A}.Template|x64.ActiveCfg = Template|Win32
		{ECE89A1C-344C-4B1C-B6A7-6266F9BB607A}.Template|x86.ActiveCfg = Template|Win32
		{ECE89A1C-344C-4B1C-B6A7-6266F9BB607A}.Template|x86.Build.0 = Template|Win32
		{7ECEC3E5-9E56-40C5-8043-9B472536F566}.Debug|Any CPU.ActiveCfg = Debug|Win32
		{7ECEC3E5-9E56-40C5-8043-9B472536F566}.Debug|x64.ActiveCfg = Debug|Win32
		{7ECEC3E5-9E56-40C5-8043-9B472536F566}.Debug|x86.ActiveCfg = Debug|Win32
		{7ECEC3E5-9E56-40C5-8043-9B472536F566}.Debug|x86.Build.0 = Debug|Win32
		{7ECEC3E5-9E56-40C5-8043-9B472536F566}.Release|Any CPU.ActiveCfg = Release|Win32
		{7ECEC3E5-9E56-40C5-8043-9B472536F566}.Release|x64.ActiveCfg = Release|Win32
		{7ECEC3E5-9E56-40C5-8043-9B472536F566}.Release|x86.ActiveCfg = Release|Win32
		{7ECEC3E5-9E56-40C5-8043-9B472536F566}.Release|x86.Build.0 = Release|Win32
		{7ECEC3E5-9E56-40C5-8043-9B472536F566}.Template|Any CPU.ActiveCfg = Debug|Win32
		{7ECEC3E5-9E56-40C5-8043-9B472536F566}.Template|Any CPU.Build.0 = Debug|Win32
		{7ECEC3E5-9E56-40C5-8043-9B472536F566}.Template|x64.ActiveCfg = Debug|Win32
		{7ECEC3E5-9E56-40C5-8043-9B472536F566}.Template|x64.Build.0 = Debug|Win32
		{7ECEC3E5-9E56-40C5-8043-9B472536F566}.Template|x86.ActiveCfg = Debug|Win32
		{7ECEC3E5-9E56-40C5-8043-9B472536F566}.Template|x86.Build.0 = Debug|Win32
		{86C4A754-63F3-44A8-949D-E01D4FACA97A}.Debug|Any CPU.ActiveCfg = Debug|Win32
		{86C4A754-63F3-44A8-949D-E01D4FACA97A}.Debug|Any CPU.Build.0 = Debug|Win32
		{86C4A754-63F3-44A8-949D-E01D4FACA97A}.Debug|x64.ActiveCfg = Debug|Win32
		{86C4A754-63F3-44A8-949D-E01D4FACA97A}.Debug|x86.ActiveCfg = Debug|Win32
		{86C4A754-63F3-44A8-949D-E01D4FACA97A}.Debug|x86.Build.0 = Debug|Win32
		{86C4A754-63F3-44A8-949D-E01D4FACA97A}.Release|Any CPU.ActiveCfg = Release|Win32
		{86C4A754-63F3-44A8-949D-E01D4FACA97A}.Release|Any CPU.Build.0 = Release|Win32
		{86C4A754-63F3-44A8-949D-E01D4FACA97A}.Release|x64.ActiveCfg = Release|Win32
		{86C4A754-63F3-44A8-949D-E01D4FACA97A}.Release|x86.ActiveCfg = Release|Win32
		{86C4A754-63F3-44A8-949D-E01D4FACA97A}.Release|x86.Build.0 = Release|Win32
		{86C4A754-63F3-44A8-949D-E01D4FACA97A}.Template|Any CPU.ActiveCfg = Debug|Win32
		{86C4A754-63F3-44A8-949D-E01D4FACA97A}.Template|Any CPU.Build.0 = Debug|Win32
		{86C4A754-63F3-44A8-949D-E01D4FACA97A}.Template|x64.ActiveCfg = Debug|Win32
		{86C4A754-63F3-44A8-949D-E01D4FACA97A}.Template|x64.Build.0 = Debug|Win32
		{86C4A754-63F3-44A8-949D-E01D4FACA97A}.Template|x86.ActiveCfg = Debug|Win32
		{86C4A754-63F3-44A8-949D-E01D4FACA97A}.Template|x86.Build.0 = Debug|Win32
		{D78A3406-8DF2-45A9-9390-7D05E8E66AC6}.Debug|Any CPU.ActiveCfg = Debug|Win32
		{D78A3406-8DF2-45A9-9390-7D05E8E66AC6}.Debug|x64.ActiveCfg = Debug|x64
		{D78A3406-8DF2-45A9-9390-7D05E8E66AC6}.Debug|x64.Build.0 = Debug|x64
		{D78A3406-8DF2-45A9-9390-7D05E8E66AC6}.Debug|x86.ActiveCfg = Debug|Win32
		{D78A3406-8DF2-45A9-9390-7D05E8E66AC6}.Debug|x86.Build.0 = Debug|Win32
		{D78A3406-8DF2-45A9-9390-7D05E8E66AC6}.Release|Any CPU.ActiveCfg = Release|Win32
		{D78A3406-8DF2-45A9-9390-7D05E8E66AC6}.Release|x64.ActiveCfg = Release|x64
		{D78A3406-8DF2-45A9-9390-7D05E8E66AC6}.Release|x64.Build.0 = Release|x64
		{D78A3406-8DF2-45A9-9390-7D05E8E66AC6}.Release|x86.ActiveCfg = Release|Win32
		{D78A3406-8DF2-45A9-9390-7D05E8E66AC6}.Release|x86.Build.0 = Release|Win32
		{D78A3406-8DF2-45A9-9390-7D05E8E66AC6}.Template|Any CPU.ActiveCfg = Debug|Win32
		{D78A3406-8DF2-45A9-9390-7D05E8E66AC6}.Template|Any CPU.Build.0 = Debug|Win32
		{D78A3406-8DF2-45A9-9390-7D05E8E66AC6}.Template|x64.ActiveCfg = Debug|x64
		{D78A3406-8DF2-45A9-9390-7D05E8E66AC6}.Template|x64.Build.0 = Debug|x64
		{D78A3406-8DF2-45A9-9390-7D05E8E66AC6}.Template|x86.ActiveCfg = Debug|Win32
		{D78A3406-8DF2-45A9-9390-7D05E8E66AC6}.Template|x86.Build.0 = Debug|Win32
		{76CA38FC-61AC-4D71-B926-8F55406C9542}.Debug|Any CPU.ActiveCfg = Debug|Win32
		{76CA38FC-61AC-4D71-B926-8F55406C9542}.Debug|Any CPU.Build.0 = Debug|Win32
		{76CA38FC-61AC-4D71-B926-8F55406C9542}.Debug|x64.ActiveCfg = Debug|Win32
		{76CA38FC-61AC-4D71-B926-8F55406C9542}.Debug|x86.ActiveCfg = Debug|Win32
		{76CA38FC-61AC-4D71-B926-8F55406C9542}.Debug|x86.Build.0 = Debug|Win32
		{76CA38FC-61AC-4D71-B926-8F55406C9542}.Release|Any CPU.ActiveCfg = Release|Win32
		{76CA38FC-61AC-4D71-B926-8F55406C9542}.Release|Any CPU.Build.0 = Release|Win32
		{76CA38FC-61AC-4D71-B926-8F55406C9542}.Release|x64.ActiveCfg = Release|Win32
		{76CA38FC-61AC-4D71-B926-8F55406C9542}.Release|x86.ActiveCfg = Release|Win32
		{76CA38FC-61AC-4D71-B926-8F55406C9542}.Release|x86.Build.0 = Release|Win32
		{76CA38FC-61AC-4D71-B926-8F55406C9542}.Template|Any CPU.ActiveCfg = Debug|Win32
		{76CA38FC-61AC-4D71-B926-8F55406C9542}.Template|Any CPU.Build.0 = Debug|Win32
		{76CA38FC-61AC-4D71-B926-8F55406C9542}.Template|x64.ActiveCfg = Debug|Win32
		{76CA38FC-61AC-4D71-B926-8F55406C9542}.Template|x64.Build.0 = Debug|Win32
		{76CA38FC-61AC-4D71-B926-8F55406C9542}.Template|x86.ActiveCfg = Debug|Win32
		{76CA38FC-61AC-4D71-B926-8F55406C9542}.Template|x86.Build.0 = Debug|Win32
		{F7226464-C41C-4909-BF74-97328B72FFC8}.Debug|Any CPU.ActiveCfg = Debug|Win32
		{F7226464-C41C-4909-BF74-97328B72FFC8}.Debug|Any CPU.Build.0 = Debug|Win32
		{F7226464-C41C-4909-BF74-97328B72FFC8}.Debug|x64.ActiveCfg = Debug|Win32
		{F7226464-C41C-4909-BF74-97328B72FFC8}.Debug|x86.ActiveCfg = Debug|Win32
		{F7226464-C41C-4909-BF74-97328B72FFC8}.Debug|x86.Build.0 = Debug|Win32
		{F7226464-C41C-4909-BF74-97328B72FFC8}.Release|Any CPU.ActiveCfg = Release|Win32
		{F7226464-C41C-4909-BF74-97328B72FFC8}.Release|Any CPU.Build.0 = Release|Win32
		{F7226464-C41C-4909-BF74-97328B72FFC8}.Release|x64.ActiveCfg = Release|Win32
		{F7226464-C41C-4909-BF74-97328B72FFC8}.Release|x86.ActiveCfg = Release|Win32
		{F7226464-C41C-4909-BF74-97328B72FFC8}.Release|x86.Build.0 = Release|Win32
		{F7226464-C41C-4909-BF74-97328B72FFC8}.Template|Any CPU.ActiveCfg = Template|Win32
		{F7226464-C41C-4909-BF74-97328B72FFC8}.Template|x64.ActiveCfg = Template|Win32
		{F7226464-C41C-4909-BF74-97328B72FFC8}.Template|x86.ActiveCfg = Template|Win32
		{F7226464-C41C-4909-BF74-97328B72FFC8}.Template|x86.Build.0 = Template|Win32
	EndGlobalSection
	GlobalSection(SolutionProperties) = preSolution
		HideSolutionNode = FALSE
	EndGlobalSection
	GlobalSection(ExtensibilityGlobals) = postSolution
		SolutionGuid = {9B8E0A3A-F511-4F27-8253-42A06A74D2D4}
	EndGlobalSection
EndGlobal
