<?xml version="1.0" encoding="utf-8"?>
<Project ToolsVersion="4.0" xmlns="http://schemas.microsoft.com/developer/msbuild/2003">
  <ItemGroup>
    <Filter Include="Source Files">
      <UniqueIdentifier>{4FC737F1-C7A5-4376-A066-2A32D752A2FF}</UniqueIdentifier>
      <Extensions>cpp;c;cc;cxx;def;odl;idl;hpj;bat;asm;asmx</Extensions>
    </Filter>
    <Filter Include="Header Files">
      <UniqueIdentifier>{93995380-89BD-4b04-88EB-625FBE52EBFB}</UniqueIdentifier>
      <Extensions>h;hpp;hxx;hm;inl;inc;xsd</Extensions>
    </Filter>
    <Filter Include="Resource Files">
      <UniqueIdentifier>{67DA6AB6-F800-4c08-8B7A-83BB121AAD01}</UniqueIdentifier>
      <Extensions>rc;ico;cur;bmp;dlg;rc2;rct;bin;rgs;gif;jpg;jpeg;jpe;resx;tiff;tif;png;wav</Extensions>
    </Filter>
    <Filter Include="Source Files\StaticEx">
      <UniqueIdentifier>{8755eade-b9f0-4f96-a30a-0d95c9408d48}</UniqueIdentifier>
    </Filter>
    <Filter Include="Source Files\BADO">
      <UniqueIdentifier>{29f34de1-2c45-4ee4-9b0e-5dd189f54956}</UniqueIdentifier>
    </Filter>
  </ItemGroup>
  <ItemGroup>
    <ClCompile Include="BinFileParser.cpp">
      <Filter>Source Files</Filter>
    </ClCompile>
    <ClCompile Include="ComWriter.cpp">
      <Filter>Source Files</Filter>
    </ClCompile>
    <ClCompile Include="ConfigFileHandler.cpp">
      <Filter>Source Files</Filter>
    </ClCompile>
    <ClCompile Include="FlashBase.cpp">
      <Filter>Source Files</Filter>
    </ClCompile>
    <ClCompile Include="FlashSN.cpp">
      <Filter>Source Files</Filter>
    </ClCompile>
    <ClCompile Include="global_function.cpp">
      <Filter>Source Files</Filter>
    </ClCompile>
    <ClCompile Include="HexFileParser.cpp">
      <Filter>Source Files</Filter>
    </ClCompile>
    <ClCompile Include="ISP.cpp">
      <Filter>Source Files</Filter>
    </ClCompile>
    <ClCompile Include="ISPDlg.cpp">
      <Filter>Source Files</Filter>
    </ClCompile>
    <ClCompile Include="JPGLoader.cpp">
      <Filter>Source Files</Filter>
    </ClCompile>
    <ClCompile Include="Splash.cpp">
      <Filter>Source Files</Filter>
    </ClCompile>
    <ClCompile Include="stdafx.cpp">
      <Filter>Source Files</Filter>
    </ClCompile>
    <ClCompile Include="TCPFlasher.cpp">
      <Filter>Source Files</Filter>
    </ClCompile>
    <ClCompile Include="TFTPServer.cpp">
      <Filter>Source Files</Filter>
    </ClCompile>
    <ClCompile Include="TstatFlashDlg.cpp">
      <Filter>Source Files</Filter>
    </ClCompile>
    <ClCompile Include="MySocket.cpp">
      <Filter>Source Files</Filter>
    </ClCompile>
    <ClCompile Include="ISPSetting.cpp">
      <Filter>Source Files</Filter>
    </ClCompile>
    <ClCompile Include="MyPing.cpp">
      <Filter>Source Files</Filter>
    </ClCompile>
    <ClCompile Include="StaticEx\staticex.cpp">
      <Filter>Source Files\StaticEx</Filter>
    </ClCompile>
    <ClCompile Include="BADO\BADO.cpp">
      <Filter>Source Files\BADO</Filter>
    </ClCompile>
    <ClCompile Include="BacnetMstp.cpp">
      <Filter>Source Files</Filter>
    </ClCompile>
  </ItemGroup>
  <ItemGroup>
    <ClInclude Include="BinFileParser.h">
      <Filter>Header Files</Filter>
    </ClInclude>
    <ClInclude Include="ComWriter.h">
      <Filter>Header Files</Filter>
    </ClInclude>
    <ClInclude Include="ConfigFileHandler.h">
      <Filter>Header Files</Filter>
    </ClInclude>
    <ClInclude Include="FlashBase.h">
      <Filter>Header Files</Filter>
    </ClInclude>
    <ClInclude Include="FlashSN.h">
      <Filter>Header Files</Filter>
    </ClInclude>
    <ClInclude Include="Global_Struct.h">
      <Filter>Header Files</Filter>
    </ClInclude>
    <ClInclude Include="global_function.h">
      <Filter>Header Files</Filter>
    </ClInclude>
    <ClInclude Include="HexFileParser.h">
      <Filter>Header Files</Filter>
    </ClInclude>
    <ClInclude Include="ISP.h">
      <Filter>Header Files</Filter>
    </ClInclude>
    <ClInclude Include="ISPDlg.h">
      <Filter>Header Files</Filter>
    </ClInclude>
    <ClInclude Include="JPGLoader.h">
      <Filter>Header Files</Filter>
    </ClInclude>
    <ClInclude Include="Resource.h">
      <Filter>Header Files</Filter>
    </ClInclude>
    <ClInclude Include="Splash.h">
      <Filter>Header Files</Filter>
    </ClInclude>
    <ClInclude Include="stdafx.h">
      <Filter>Header Files</Filter>
    </ClInclude>
    <ClInclude Include="targetver.h">
      <Filter>Header Files</Filter>
    </ClInclude>
    <ClInclude Include="TCPFlasher.h">
      <Filter>Header Files</Filter>
    </ClInclude>
    <ClInclude Include="TFTP Struct.h">
      <Filter>Header Files</Filter>
    </ClInclude>
    <ClInclude Include="TFTPServer.h">
      <Filter>Header Files</Filter>
    </ClInclude>
    <ClInclude Include="TstatFlashDlg.h">
      <Filter>Header Files</Filter>
    </ClInclude>
    <ClInclude Include="ISPSetting.h">
      <Filter>Header Files</Filter>
    </ClInclude>
    <ClInclude Include="MyPing.h">
      <Filter>Header Files</Filter>
    </ClInclude>
    <ClInclude Include="MySocket.h">
      <Filter>Header Files</Filter>
    </ClInclude>
    <ClInclude Include="..\T3000\ProductModel.h">
      <Filter>Header Files</Filter>
    </ClInclude>
    <ClInclude Include="BacnetMstp.h">
      <Filter>Header Files</Filter>
    </ClInclude>
  </ItemGroup>
  <ItemGroup>
    <None Include="res\Guestotel Icon.ico">
      <Filter>Resource Files</Filter>
    </None>
    <None Include="res\ISP.ico">
      <Filter>Resource Files</Filter>
    </None>
    <None Include="res\ISP.rc2">
      <Filter>Resource Files</Filter>
    </None>
    <None Include="ISP.APS" />
    <None Include="ReadMe.txt" />
    <None Include="TstatFlashDlg.htm" />
  </ItemGroup>
  <ItemGroup>
    <ResourceCompile Include="ISP.rc">
      <Filter>Resource Files</Filter>
    </ResourceCompile>
  </ItemGroup>
</Project>