<?xml version="1.0" encoding="utf-8"?>
<Project ToolsVersion="4.0" xmlns="http://schemas.microsoft.com/developer/msbuild/2003">
  <ItemGroup>
    <Filter Include="Source Files">
      <UniqueIdentifier>{4FC737F1-C7A5-4376-A066-2A32D752A2FF}</UniqueIdentifier>
      <Extensions>cpp;c;cc;cxx;def;odl;idl;hpj;bat;asm;asmx</Extensions>
    </Filter>
    <Filter Include="Header Files">
      <UniqueIdentifier>{93995380-89BD-4b04-88EB-625FBE52EBFB}</UniqueIdentifier>
      <Extensions>h;hpp;hxx;hm;inl;inc;xsd</Extensions>
    </Filter>
    <Filter Include="Resource Files">
      <UniqueIdentifier>{67DA6AB6-F800-4c08-8B7A-83BB121AAD01}</UniqueIdentifier>
      <Extensions>rc;ico;cur;bmp;dlg;rc2;rct;bin;rgs;gif;jpg;jpeg;jpe;resx;tiff;tif;png;wav</Extensions>
    </Filter>
  </ItemGroup>
  <ItemGroup>
    <ClCompile Include="CalcTics.cpp">
      <Filter>Source Files</Filter>
    </ClCompile>
    <ClCompile Include="dllmain.cpp">
      <Filter>Source Files</Filter>
    </ClCompile>
    <ClCompile Include="DoubleLinkageOpt.cpp">
      <Filter>Source Files</Filter>
    </ClCompile>
    <ClCompile Include="DoubleThumbOpt.cpp">
      <Filter>Source Files</Filter>
    </ClCompile>
    <ClCompile Include="FlexSlideBar.cpp">
      <Filter>Source Files</Filter>
    </ClCompile>
    <ClCompile Include="FlexSlideWnd.cpp">
      <Filter>Source Files</Filter>
    </ClCompile>
    <ClCompile Include="FSBChannel.cpp">
      <Filter>Source Files</Filter>
    </ClCompile>
    <ClCompile Include="FSBContainer.cpp">
      <Filter>Source Files</Filter>
    </ClCompile>
    <ClCompile Include="FSBThumb.cpp">
      <Filter>Source Files</Filter>
    </ClCompile>
    <ClCompile Include="MultiThumbOpt.cpp">
      <Filter>Source Files</Filter>
    </ClCompile>
    <ClCompile Include="SingleThumbOpt.cpp">
      <Filter>Source Files</Filter>
    </ClCompile>
    <ClCompile Include="stdafx.cpp">
      <Filter>Source Files</Filter>
    </ClCompile>
    <ClCompile Include="ThumbOperator.cpp">
      <Filter>Source Files</Filter>
    </ClCompile>
    <ClCompile Include="TripleLinkageOpt.cpp">
      <Filter>Source Files</Filter>
    </ClCompile>
    <ClCompile Include="TripleThumbOpt.cpp">
      <Filter>Source Files</Filter>
    </ClCompile>
  </ItemGroup>
  <ItemGroup>
    <None Include="FlexSlideBar.def">
      <Filter>Source Files</Filter>
    </None>
    <None Include="res\FlexSlideBar.rc2">
      <Filter>Resource Files</Filter>
    </None>
    <None Include="ReadMe.txt" />
  </ItemGroup>
  <ItemGroup>
    <ClInclude Include="CalcTics.h">
      <Filter>Header Files</Filter>
    </ClInclude>
    <ClInclude Include="DllDefine.h">
      <Filter>Header Files</Filter>
    </ClInclude>
    <ClInclude Include="DoubleLinkageOpt.h">
      <Filter>Header Files</Filter>
    </ClInclude>
    <ClInclude Include="DoubleThumbOpt.h">
      <Filter>Header Files</Filter>
    </ClInclude>
    <ClInclude Include="FlexSlideBarDef.h">
      <Filter>Header Files</Filter>
    </ClInclude>
    <ClInclude Include="FlexSlideWnd.h">
      <Filter>Header Files</Filter>
    </ClInclude>
    <ClInclude Include="FSBChannel.h">
      <Filter>Header Files</Filter>
    </ClInclude>
    <ClInclude Include="FSBContainer.h">
      <Filter>Header Files</Filter>
    </ClInclude>
    <ClInclude Include="FSBThumb.h">
      <Filter>Header Files</Filter>
    </ClInclude>
    <ClInclude Include="MultiThumbOpt.h">
      <Filter>Header Files</Filter>
    </ClInclude>
    <ClInclude Include="Resource.h">
      <Filter>Header Files</Filter>
    </ClInclude>
    <ClInclude Include="SingleThumbOpt.h">
      <Filter>Header Files</Filter>
    </ClInclude>
    <ClInclude Include="stdafx.h">
      <Filter>Header Files</Filter>
    </ClInclude>
    <ClInclude Include="targetver.h">
      <Filter>Header Files</Filter>
    </ClInclude>
    <ClInclude Include="ThumbManager.h">
      <Filter>Header Files</Filter>
    </ClInclude>
    <ClInclude Include="ThumbOperator.h">
      <Filter>Header Files</Filter>
    </ClInclude>
    <ClInclude Include="TripleLinkageOpt.h">
      <Filter>Header Files</Filter>
    </ClInclude>
    <ClInclude Include="TripleThumbOpt.h">
      <Filter>Header Files</Filter>
    </ClInclude>
  </ItemGroup>
  <ItemGroup>
    <ResourceCompile Include="FlexSlideBar.rc">
      <Filter>Resource Files</Filter>
    </ResourceCompile>
  </ItemGroup>
</Project>