<?xml version="1.0" encoding="utf-8"?>
<Project ToolsVersion="4.0" xmlns="http://schemas.microsoft.com/developer/msbuild/2003">
  <ItemGroup>
    <ClCompile Include="Src\abort.c">
      <Filter>Source Files</Filter>
    </ClCompile>
    <ClCompile Include="Src\wpm.c">
      <Filter>Source Files</Filter>
    </ClCompile>
    <ClCompile Include="Src\address.c">
      <Filter>Source Files</Filter>
    </ClCompile>
    <ClCompile Include="Object\ai.c">
      <Filter>Source Files</Filter>
    </ClCompile>
    <ClCompile Include="Src\alarm_ack.c">
      <Filter>Source Files</Filter>
    </ClCompile>
    <ClCompile Include="Object\ao.c">
      <Filter>Source Files</Filter>
    </ClCompile>
    <ClCompile Include="Src\apdu.c">
      <Filter>Source Files</Filter>
    </ClCompile>
    <ClCompile Include="Src\arf.c">
      <Filter>Source Files</Filter>
    </ClCompile>
    <ClCompile Include="Object\av.c">
      <Filter>Source Files</Filter>
    </ClCompile>
    <ClCompile Include="Src\awf.c">
      <Filter>Source Files</Filter>
    </ClCompile>
    <ClCompile Include="Src\bacaddr.c">
      <Filter>Source Files</Filter>
    </ClCompile>
    <ClCompile Include="Src\bacapp.c">
      <Filter>Source Files</Filter>
    </ClCompile>
    <ClCompile Include="Src\bacdcode.c">
      <Filter>Source Files</Filter>
    </ClCompile>
    <ClCompile Include="Src\bacdevobjpropref.c">
      <Filter>Source Files</Filter>
    </ClCompile>
    <ClCompile Include="Src\bacerror.c">
      <Filter>Source Files</Filter>
    </ClCompile>
    <ClCompile Include="Object\bacfile.c">
      <Filter>Source Files</Filter>
    </ClCompile>
    <ClCompile Include="Src\bacint.c">
      <Filter>Source Files</Filter>
    </ClCompile>
    <ClCompile Include="Src\bacprop.c">
      <Filter>Source Files</Filter>
    </ClCompile>
    <ClCompile Include="Src\bacpropstates.c">
      <Filter>Source Files</Filter>
    </ClCompile>
    <ClCompile Include="Src\bacreal.c">
      <Filter>Source Files</Filter>
    </ClCompile>
    <ClCompile Include="Src\bacstr.c">
      <Filter>Source Files</Filter>
    </ClCompile>
    <ClCompile Include="Src\bactext.c">
      <Filter>Source Files</Filter>
    </ClCompile>
    <ClCompile Include="Object\bi.c">
      <Filter>Source Files</Filter>
    </ClCompile>
    <ClCompile Include="Src\bigend.c">
      <Filter>Source Files</Filter>
    </ClCompile>
    <ClCompile Include="Src\bip.c">
      <Filter>Source Files</Filter>
    </ClCompile>
    <ClCompile Include="Object\bo.c">
      <Filter>Source Files</Filter>
    </ClCompile>
    <ClCompile Include="Object\bv.c">
      <Filter>Source Files</Filter>
    </ClCompile>
    <ClCompile Include="Src\bvlc.c">
      <Filter>Source Files</Filter>
    </ClCompile>
    <ClCompile Include="Src\cov.c">
      <Filter>Source Files</Filter>
    </ClCompile>
    <ClCompile Include="Src\crc.c">
      <Filter>Source Files</Filter>
    </ClCompile>
    <ClCompile Include="Object\csv.c">
      <Filter>Source Files</Filter>
    </ClCompile>
    <ClCompile Include="Src\datalink.c">
      <Filter>Source Files</Filter>
    </ClCompile>
    <ClCompile Include="Src\datetime.c">
      <Filter>Source Files</Filter>
    </ClCompile>
    <ClCompile Include="Src\dcc.c">
      <Filter>Source Files</Filter>
    </ClCompile>
    <ClCompile Include="Src\debug.c">
      <Filter>Source Files</Filter>
    </ClCompile>
    <ClCompile Include="Object\device.c">
      <Filter>Source Files</Filter>
    </ClCompile>
    <ClCompile Include="MainCpp\dlmstp.c">
      <Filter>Source Files</Filter>
    </ClCompile>
    <ClCompile Include="Src\event.c">
      <Filter>Source Files</Filter>
    </ClCompile>
    <ClCompile Include="Src\fifo.c">
      <Filter>Source Files</Filter>
    </ClCompile>
    <ClCompile Include="Src\filename.c">
      <Filter>Source Files</Filter>
    </ClCompile>
    <ClCompile Include="Src\get_alarm_sum.c">
      <Filter>Source Files</Filter>
    </ClCompile>
    <ClCompile Include="Src\getevent.c">
      <Filter>Source Files</Filter>
    </ClCompile>
    <ClCompile Include="Handler\h_arf.c">
      <Filter>Source Files</Filter>
    </ClCompile>
    <ClCompile Include="Handler\h_arf_a.c">
      <Filter>Source Files</Filter>
    </ClCompile>
    <ClCompile Include="Handler\h_awf.c">
      <Filter>Source Files</Filter>
    </ClCompile>
    <ClCompile Include="Handler\h_cov.c">
      <Filter>Source Files</Filter>
    </ClCompile>
    <ClCompile Include="Handler\h_dcc.c">
      <Filter>Source Files</Filter>
    </ClCompile>
    <ClCompile Include="Handler\h_iam.c">
      <Filter>Source Files</Filter>
    </ClCompile>
    <ClCompile Include="Handler\h_ihave.c">
      <Filter>Source Files</Filter>
    </ClCompile>
    <ClCompile Include="Handler\h_lso.c">
      <Filter>Source Files</Filter>
    </ClCompile>
    <ClCompile Include="Handler\h_npdu.c">
      <Filter>Source Files</Filter>
    </ClCompile>
    <ClCompile Include="Handler\h_rd.c">
      <Filter>Source Files</Filter>
    </ClCompile>
    <ClCompile Include="Handler\h_rp.c">
      <Filter>Source Files</Filter>
    </ClCompile>
    <ClCompile Include="Handler\h_rp_a.c">
      <Filter>Source Files</Filter>
    </ClCompile>
    <ClCompile Include="Handler\h_rpm.c">
      <Filter>Source Files</Filter>
    </ClCompile>
    <ClCompile Include="Handler\h_rpm_a.c">
      <Filter>Source Files</Filter>
    </ClCompile>
    <ClCompile Include="Handler\h_rr.c">
      <Filter>Source Files</Filter>
    </ClCompile>
    <ClCompile Include="Handler\h_ts.c">
      <Filter>Source Files</Filter>
    </ClCompile>
    <ClCompile Include="Handler\h_ucov.c">
      <Filter>Source Files</Filter>
    </ClCompile>
    <ClCompile Include="Handler\h_upt.c">
      <Filter>Source Files</Filter>
    </ClCompile>
    <ClCompile Include="Handler\h_whohas.c">
      <Filter>Source Files</Filter>
    </ClCompile>
    <ClCompile Include="Handler\h_whois.c">
      <Filter>Source Files</Filter>
    </ClCompile>
    <ClCompile Include="Handler\h_wp.c">
      <Filter>Source Files</Filter>
    </ClCompile>
    <ClCompile Include="Handler\h_wpm.c">
      <Filter>Source Files</Filter>
    </ClCompile>
    <ClCompile Include="Src\iam.c">
      <Filter>Source Files</Filter>
    </ClCompile>
    <ClCompile Include="Src\ihave.c">
      <Filter>Source Files</Filter>
    </ClCompile>
    <ClCompile Include="Src\indtext.c">
      <Filter>Source Files</Filter>
    </ClCompile>
    <ClCompile Include="Src\key.c">
      <Filter>Source Files</Filter>
    </ClCompile>
    <ClCompile Include="Src\keylist.c">
      <Filter>Source Files</Filter>
    </ClCompile>
    <ClCompile Include="Object\lc.c">
      <Filter>Source Files</Filter>
    </ClCompile>
    <ClCompile Include="Object\lo.c">
      <Filter>Source Files</Filter>
    </ClCompile>
    <ClCompile Include="Src\lso.c">
      <Filter>Source Files</Filter>
    </ClCompile>
    <ClCompile Include="Object\lsp.c">
      <Filter>Source Files</Filter>
    </ClCompile>
    <ClCompile Include="Src\memcopy.c">
      <Filter>Source Files</Filter>
    </ClCompile>
    <ClCompile Include="Object\ms-input.c">
      <Filter>Source Files</Filter>
    </ClCompile>
    <ClCompile Include="Object\mso.c">
      <Filter>Source Files</Filter>
    </ClCompile>
    <ClCompile Include="Src\mstp.c">
      <Filter>Source Files</Filter>
    </ClCompile>
    <ClCompile Include="Src\mstptext.c">
      <Filter>Source Files</Filter>
    </ClCompile>
    <ClCompile Include="Object\msv.c">
      <Filter>Source Files</Filter>
    </ClCompile>
    <ClCompile Include="Object\nc.c">
      <Filter>Source Files</Filter>
    </ClCompile>
    <ClCompile Include="Handler\noserv.c">
      <Filter>Source Files</Filter>
    </ClCompile>
    <ClCompile Include="Src\npdu.c">
      <Filter>Source Files</Filter>
    </ClCompile>
    <ClCompile Include="Handler\objects.c">
      <Filter>Source Files</Filter>
    </ClCompile>
    <ClCompile Include="Src\proplist.c">
      <Filter>Source Files</Filter>
    </ClCompile>
    <ClCompile Include="Src\ptransfer.c">
      <Filter>Source Files</Filter>
    </ClCompile>
    <ClCompile Include="Src\rd.c">
      <Filter>Source Files</Filter>
    </ClCompile>
    <ClCompile Include="Src\readrange.c">
      <Filter>Source Files</Filter>
    </ClCompile>
    <ClCompile Include="Src\reject.c">
      <Filter>Source Files</Filter>
    </ClCompile>
    <ClCompile Include="Src\ringbuf.c">
      <Filter>Source Files</Filter>
    </ClCompile>
    <ClCompile Include="Src\rp.c">
      <Filter>Source Files</Filter>
    </ClCompile>
    <ClCompile Include="Src\rpm.c">
      <Filter>Source Files</Filter>
    </ClCompile>
    <ClCompile Include="MainCpp\rs485.c">
      <Filter>Source Files</Filter>
    </ClCompile>
    <ClCompile Include="Handler\s_arfs.c">
      <Filter>Source Files</Filter>
    </ClCompile>
    <ClCompile Include="Handler\s_awfs.c">
      <Filter>Source Files</Filter>
    </ClCompile>
    <ClCompile Include="Handler\s_cov.c">
      <Filter>Source Files</Filter>
    </ClCompile>
    <ClCompile Include="Handler\s_dcc.c">
      <Filter>Source Files</Filter>
    </ClCompile>
    <ClCompile Include="Handler\s_iam.c">
      <Filter>Source Files</Filter>
    </ClCompile>
    <ClCompile Include="Handler\s_ihave.c">
      <Filter>Source Files</Filter>
    </ClCompile>
    <ClCompile Include="Handler\s_rd.c">
      <Filter>Source Files</Filter>
    </ClCompile>
    <ClCompile Include="Handler\s_readrange.c">
      <Filter>Source Files</Filter>
    </ClCompile>
    <ClCompile Include="Handler\s_router.c">
      <Filter>Source Files</Filter>
    </ClCompile>
    <ClCompile Include="Handler\s_rp.c">
      <Filter>Source Files</Filter>
    </ClCompile>
    <ClCompile Include="Handler\s_rpm.c">
      <Filter>Source Files</Filter>
    </ClCompile>
    <ClCompile Include="Handler\s_ts.c">
      <Filter>Source Files</Filter>
    </ClCompile>
    <ClCompile Include="Handler\s_uevent.c">
      <Filter>Source Files</Filter>
    </ClCompile>
    <ClCompile Include="Handler\s_upt.c">
      <Filter>Source Files</Filter>
    </ClCompile>
    <ClCompile Include="Handler\s_whohas.c">
      <Filter>Source Files</Filter>
    </ClCompile>
    <ClCompile Include="Handler\s_whois.c">
      <Filter>Source Files</Filter>
    </ClCompile>
    <ClCompile Include="Handler\s_wp.c">
      <Filter>Source Files</Filter>
    </ClCompile>
    <ClCompile Include="Src\sbuf.c">
      <Filter>Source Files</Filter>
    </ClCompile>
    <ClCompile Include="MainCpp\timer.c">
      <Filter>Source Files</Filter>
    </ClCompile>
    <ClCompile Include="Src\timestamp.c">
      <Filter>Source Files</Filter>
    </ClCompile>
    <ClCompile Include="Src\timesync.c">
      <Filter>Source Files</Filter>
    </ClCompile>
    <ClCompile Include="Object\trendlog.c">
      <Filter>Source Files</Filter>
    </ClCompile>
    <ClCompile Include="Src\tsm.c">
      <Filter>Source Files</Filter>
    </ClCompile>
    <ClCompile Include="Handler\txbuf.c">
      <Filter>Source Files</Filter>
    </ClCompile>
    <ClCompile Include="Src\version.c">
      <Filter>Source Files</Filter>
    </ClCompile>
    <ClCompile Include="Src\whohas.c">
      <Filter>Source Files</Filter>
    </ClCompile>
    <ClCompile Include="Src\whois.c">
      <Filter>Source Files</Filter>
    </ClCompile>
    <ClCompile Include="Src\wp.c">
      <Filter>Source Files</Filter>
    </ClCompile>
    <ClCompile Include="Handler\h_pt_a.c">
      <Filter>Source Files</Filter>
    </ClCompile>
    <ClCompile Include="Testfunction.cpp">
      <Filter>Source Files</Filter>
    </ClCompile>
  </ItemGroup>
  <ItemGroup>
    <ClInclude Include="Object\ai.h">
      <Filter>Header Files</Filter>
    </ClInclude>
    <ClInclude Include="Object\av.h">
      <Filter>Header Files</Filter>
    </ClInclude>
    <ClInclude Include="Object\ao.h">
      <Filter>Header Files</Filter>
    </ClInclude>
    <ClInclude Include="Object\bacfile.h">
      <Filter>Header Files</Filter>
    </ClInclude>
    <ClInclude Include="Object\bi.h">
      <Filter>Header Files</Filter>
    </ClInclude>
    <ClInclude Include="Object\bv.h">
      <Filter>Header Files</Filter>
    </ClInclude>
    <ClInclude Include="Object\bo.h">
      <Filter>Header Files</Filter>
    </ClInclude>
    <ClInclude Include="Object\csv.h">
      <Filter>Header Files</Filter>
    </ClInclude>
    <ClInclude Include="Object\device.h">
      <Filter>Header Files</Filter>
    </ClInclude>
    <ClInclude Include="Object\lc.h">
      <Filter>Header Files</Filter>
    </ClInclude>
    <ClInclude Include="Object\lo.h">
      <Filter>Header Files</Filter>
    </ClInclude>
    <ClInclude Include="Object\lsp.h">
      <Filter>Header Files</Filter>
    </ClInclude>
    <ClInclude Include="Object\ms-input.h">
      <Filter>Header Files</Filter>
    </ClInclude>
    <ClInclude Include="Object\mso.h">
      <Filter>Header Files</Filter>
    </ClInclude>
    <ClInclude Include="Object\msv.h">
      <Filter>Header Files</Filter>
    </ClInclude>
    <ClInclude Include="Object\nc.h">
      <Filter>Header Files</Filter>
    </ClInclude>
    <ClInclude Include="Object\trendlog.h">
      <Filter>Source Files</Filter>
    </ClInclude>
    <ClInclude Include="include\abort.h">
      <Filter>Header Files</Filter>
    </ClInclude>
    <ClInclude Include="include\address.h">
      <Filter>Header Files</Filter>
    </ClInclude>
    <ClInclude Include="include\alarm_ack.h">
      <Filter>Header Files</Filter>
    </ClInclude>
    <ClInclude Include="include\apdu.h">
      <Filter>Header Files</Filter>
    </ClInclude>
    <ClInclude Include="include\arcnet.h">
      <Filter>Header Files</Filter>
    </ClInclude>
    <ClInclude Include="include\arf.h">
      <Filter>Header Files</Filter>
    </ClInclude>
    <ClInclude Include="include\awf.h">
      <Filter>Header Files</Filter>
    </ClInclude>
    <ClInclude Include="include\bacaddr.h">
      <Filter>Header Files</Filter>
    </ClInclude>
    <ClInclude Include="include\bacapp.h">
      <Filter>Header Files</Filter>
    </ClInclude>
    <ClInclude Include="include\bacdcode.h">
      <Filter>Header Files</Filter>
    </ClInclude>
    <ClInclude Include="include\bacdef.h">
      <Filter>Header Files</Filter>
    </ClInclude>
    <ClInclude Include="include\bacdevobjpropref.h">
      <Filter>Header Files</Filter>
    </ClInclude>
    <ClInclude Include="include\bacenum.h">
      <Filter>Header Files</Filter>
    </ClInclude>
    <ClInclude Include="include\bacerror.h">
      <Filter>Header Files</Filter>
    </ClInclude>
    <ClInclude Include="include\bacint.h">
      <Filter>Header Files</Filter>
    </ClInclude>
    <ClInclude Include="include\bacnet.h">
      <Filter>Header Files</Filter>
    </ClInclude>
    <ClInclude Include="include\bacprop.h">
      <Filter>Header Files</Filter>
    </ClInclude>
    <ClInclude Include="include\bacpropstates.h">
      <Filter>Header Files</Filter>
    </ClInclude>
    <ClInclude Include="include\bacreal.h">
      <Filter>Header Files</Filter>
    </ClInclude>
    <ClInclude Include="include\bacstr.h">
      <Filter>Header Files</Filter>
    </ClInclude>
    <ClInclude Include="include\bactext.h">
      <Filter>Header Files</Filter>
    </ClInclude>
    <ClInclude Include="include\bigend.h">
      <Filter>Header Files</Filter>
    </ClInclude>
    <ClInclude Include="include\bip.h">
      <Filter>Header Files</Filter>
    </ClInclude>
    <ClInclude Include="include\bits.h">
      <Filter>Header Files</Filter>
    </ClInclude>
    <ClInclude Include="include\bvlc.h">
      <Filter>Header Files</Filter>
    </ClInclude>
    <ClInclude Include="include\bytes.h">
      <Filter>Header Files</Filter>
    </ClInclude>
    <ClInclude Include="include\client.h">
      <Filter>Header Files</Filter>
    </ClInclude>
    <ClInclude Include="include\config.h">
      <Filter>Header Files</Filter>
    </ClInclude>
    <ClInclude Include="include\cov.h">
      <Filter>Header Files</Filter>
    </ClInclude>
    <ClInclude Include="include\crc.h">
      <Filter>Header Files</Filter>
    </ClInclude>
    <ClInclude Include="include\datalink.h">
      <Filter>Header Files</Filter>
    </ClInclude>
    <ClInclude Include="include\datetime.h">
      <Filter>Header Files</Filter>
    </ClInclude>
    <ClInclude Include="include\dcc.h">
      <Filter>Header Files</Filter>
    </ClInclude>
    <ClInclude Include="include\debug.h">
      <Filter>Header Files</Filter>
    </ClInclude>
    <ClInclude Include="include\dlenv.h">
      <Filter>Header Files</Filter>
    </ClInclude>
    <ClInclude Include="include\dlmstp.h">
      <Filter>Header Files</Filter>
    </ClInclude>
    <ClInclude Include="include\ethernet.h">
      <Filter>Header Files</Filter>
    </ClInclude>
    <ClInclude Include="include\event.h">
      <Filter>Header Files</Filter>
    </ClInclude>
    <ClInclude Include="include\fifo.h">
      <Filter>Header Files</Filter>
    </ClInclude>
    <ClInclude Include="include\filename.h">
      <Filter>Header Files</Filter>
    </ClInclude>
    <ClInclude Include="include\get_alarm_sum.h">
      <Filter>Header Files</Filter>
    </ClInclude>
    <ClInclude Include="include\getevent.h">
      <Filter>Header Files</Filter>
    </ClInclude>
    <ClInclude Include="include\handlers.h">
      <Filter>Header Files</Filter>
    </ClInclude>
    <ClInclude Include="include\iam.h">
      <Filter>Header Files</Filter>
    </ClInclude>
    <ClInclude Include="include\ihave.h">
      <Filter>Header Files</Filter>
    </ClInclude>
    <ClInclude Include="include\indtext.h">
      <Filter>Header Files</Filter>
    </ClInclude>
    <ClInclude Include="include\key.h">
      <Filter>Header Files</Filter>
    </ClInclude>
    <ClInclude Include="include\keylist.h">
      <Filter>Header Files</Filter>
    </ClInclude>
    <ClInclude Include="include\lso.h">
      <Filter>Header Files</Filter>
    </ClInclude>
    <ClInclude Include="include\memcopy.h">
      <Filter>Header Files</Filter>
    </ClInclude>
    <ClInclude Include="include\mstp.h">
      <Filter>Header Files</Filter>
    </ClInclude>
    <ClInclude Include="include\mstpdef.h">
      <Filter>Header Files</Filter>
    </ClInclude>
    <ClInclude Include="include\mstptext.h">
      <Filter>Header Files</Filter>
    </ClInclude>
    <ClInclude Include="include\mydata.h">
      <Filter>Header Files</Filter>
    </ClInclude>
    <ClInclude Include="include\npdu.h">
      <Filter>Header Files</Filter>
    </ClInclude>
    <ClInclude Include="include\objects.h">
      <Filter>Header Files</Filter>
    </ClInclude>
    <ClInclude Include="include\proplist.h">
      <Filter>Header Files</Filter>
    </ClInclude>
    <ClInclude Include="include\ptransfer.h">
      <Filter>Header Files</Filter>
    </ClInclude>
    <ClInclude Include="include\rd.h">
      <Filter>Header Files</Filter>
    </ClInclude>
    <ClInclude Include="include\readrange.h">
      <Filter>Header Files</Filter>
    </ClInclude>
    <ClInclude Include="include\reject.h">
      <Filter>Header Files</Filter>
    </ClInclude>
    <ClInclude Include="include\ringbuf.h">
      <Filter>Header Files</Filter>
    </ClInclude>
    <ClInclude Include="include\rp.h">
      <Filter>Header Files</Filter>
    </ClInclude>
    <ClInclude Include="include\rpm.h">
      <Filter>Header Files</Filter>
    </ClInclude>
    <ClInclude Include="include\sbuf.h">
      <Filter>Header Files</Filter>
    </ClInclude>
    <ClInclude Include="include\timestamp.h">
      <Filter>Header Files</Filter>
    </ClInclude>
    <ClInclude Include="include\timesync.h">
      <Filter>Header Files</Filter>
    </ClInclude>
    <ClInclude Include="include\tsm.h">
      <Filter>Header Files</Filter>
    </ClInclude>
    <ClInclude Include="include\txbuf.h">
      <Filter>Header Files</Filter>
    </ClInclude>
    <ClInclude Include="include\version.h">
      <Filter>Header Files</Filter>
    </ClInclude>
    <ClInclude Include="include\whohas.h">
      <Filter>Header Files</Filter>
    </ClInclude>
    <ClInclude Include="include\whois.h">
      <Filter>Header Files</Filter>
    </ClInclude>
    <ClInclude Include="include\wp.h">
      <Filter>Header Files</Filter>
    </ClInclude>
    <ClInclude Include="include\wpm.h">
      <Filter>Header Files</Filter>
    </ClInclude>
  </ItemGroup>
  <ItemGroup>
    <Filter Include="Header Files">
      <UniqueIdentifier>{bd1f6431-6198-404d-84f8-37dfaf073f66}</UniqueIdentifier>
    </Filter>
    <Filter Include="Source Files">
      <UniqueIdentifier>{1b1fb8a6-5904-4f5d-b971-d2389059b6d0}</UniqueIdentifier>
    </Filter>
  </ItemGroup>
  <ItemGroup>
    <None Include="ModbusDllforVc.def" />
  </ItemGroup>
</Project>