
Microsoft Visual Studio Solution File, Format Version 11.00
# Visual Studio 2010
Project("{8BC9CEB8-8B4A-11D0-8D11-00A0C91BC942}") = "FlexSlideBar", "..\FlexSlideBar\FlexSlideBar.vcxproj", "{9560EBEA-EB58-44F6-BB62-189833713FC0}"
EndProject
Project("{8BC9CEB8-8B4A-11D0-8D11-00A0C91BC942}") = "T3000", "T3000.vcxproj", "{F7226464-C41C-4909-BF74-97328B72FFC8}"
EndProject
Project("{8BC9CEB8-8B4A-11D0-8D11-00A0C91BC942}") = "BACnet_Stack_Library", "..\BacNetDllforVc\BACnet Stack Library.vcxproj", "{E9A65567-B028-4278-881D-674604B2E126}"
EndProject
Project("{8BC9CEB8-8B4A-11D0-8D11-00A0C91BC942}") = "ModbusDllforVc", "..\ModbusDllforVc\ModbusDllforVc\ModbusDllforVc.vcxproj", "{86C4A754-63F3-44A8-949D-E01D4FACA97A}"
EndProject
Project("{8BC9CEB8-8B4A-11D0-8D11-00A0C91BC942}") = "ISP", "..\ISP\ISP.vcxproj", "{ECE89A1C-344C-4B1C-B6A7-6266F9BB607A}"
EndProject
Project("{8BC9CEB8-8B4A-11D0-8D11-00A0C91BC942}") = "Modbus Poll", "..\Modbus Poll\Modbus Poll.vcxproj", "{7ECEC3E5-9E56-40C5-8043-9B472536F566}"
EndProject
Global
	GlobalSection(SolutionConfigurationPlatforms) = preSolution
		Debug|Win32 = Debug|Win32
		Release|Win32 = Release|Win32
		Template|Win32 = Template|Win32
	EndGlobalSection
	GlobalSection(ProjectConfigurationPlatforms) = postSolution
		{9560EBEA-EB58-44F6-BB62-189833713FC0}.Debug|Win32.ActiveCfg = Debug|Win32
		{9560EBEA-EB58-44F6-BB62-189833713FC0}.Debug|Win32.Build.0 = Debug|Win32
		{9560EBEA-EB58-44F6-BB62-189833713FC0}.Release|Win32.ActiveCfg = Release|Win32
		{9560EBEA-EB58-44F6-BB62-189833713FC0}.Release|Win32.Build.0 = Release|Win32
		{9560EBEA-EB58-44F6-BB62-189833713FC0}.Template|Win32.ActiveCfg = Release|Win32
		{9560EBEA-EB58-44F6-BB62-189833713FC0}.Template|Win32.Build.0 = Release|Win32
		{F7226464-C41C-4909-BF74-97328B72FFC8}.Debug|Win32.ActiveCfg = Debug|Win32
		{F7226464-C41C-4909-BF74-97328B72FFC8}.Debug|Win32.Build.0 = Debug|Win32
		{F7226464-C41C-4909-BF74-97328B72FFC8}.Release|Win32.ActiveCfg = Release|Win32
		{F7226464-C41C-4909-BF74-97328B72FFC8}.Release|Win32.Build.0 = Release|Win32
		{F7226464-C41C-4909-BF74-97328B72FFC8}.Template|Win32.ActiveCfg = Template|Win32
		{F7226464-C41C-4909-BF74-97328B72FFC8}.Template|Win32.Build.0 = Template|Win32
		{E9A65567-B028-4278-881D-674604B2E126}.Debug|Win32.ActiveCfg = Debug|Win32
		{E9A65567-B028-4278-881D-674604B2E126}.Debug|Win32.Build.0 = Debug|Win32
		{E9A65567-B028-4278-881D-674604B2E126}.Release|Win32.ActiveCfg = Release|Win32
		{E9A65567-B028-4278-881D-674604B2E126}.Release|Win32.Build.0 = Release|Win32
		{E9A65567-B028-4278-881D-674604B2E126}.Template|Win32.ActiveCfg = Release|Win32
		{E9A65567-B028-4278-881D-674604B2E126}.Template|Win32.Build.0 = Release|Win32
		{86C4A754-63F3-44A8-949D-E01D4FACA97A}.Debug|Win32.ActiveCfg = Debug|Win32
		{86C4A754-63F3-44A8-949D-E01D4FACA97A}.Debug|Win32.Build.0 = Debug|Win32
		{86C4A754-63F3-44A8-949D-E01D4FACA97A}.Release|Win32.ActiveCfg = Release|Win32
		{86C4A754-63F3-44A8-949D-E01D4FACA97A}.Release|Win32.Build.0 = Release|Win32
		{86C4A754-63F3-44A8-949D-E01D4FACA97A}.Template|Win32.ActiveCfg = Release|Win32
		{86C4A754-63F3-44A8-949D-E01D4FACA97A}.Template|Win32.Build.0 = Release|Win32
		{ECE89A1C-344C-4B1C-B6A7-6266F9BB607A}.Debug|Win32.ActiveCfg = Debug|Win32
		{ECE89A1C-344C-4B1C-B6A7-6266F9BB607A}.Debug|Win32.Build.0 = Debug|Win32
		{ECE89A1C-344C-4B1C-B6A7-6266F9BB607A}.Release|Win32.ActiveCfg = Release|Win32
		{ECE89A1C-344C-4B1C-B6A7-6266F9BB607A}.Release|Win32.Build.0 = Release|Win32
		{ECE89A1C-344C-4B1C-B6A7-6266F9BB607A}.Template|Win32.ActiveCfg = Release|Win32
		{ECE89A1C-344C-4B1C-B6A7-6266F9BB607A}.Template|Win32.Build.0 = Release|Win32
		{7ECEC3E5-9E56-40C5-8043-9B472536F566}.Debug|Win32.ActiveCfg = Debug|Win32
		{7ECEC3E5-9E56-40C5-8043-9B472536F566}.Debug|Win32.Build.0 = Debug|Win32
		{7ECEC3E5-9E56-40C5-8043-9B472536F566}.Release|Win32.ActiveCfg = Release|Win32
		{7ECEC3E5-9E56-40C5-8043-9B472536F566}.Release|Win32.Build.0 = Release|Win32
		{7ECEC3E5-9E56-40C5-8043-9B472536F566}.Template|Win32.ActiveCfg = Release|Win32
		{7ECEC3E5-9E56-40C5-8043-9B472536F566}.Template|Win32.Build.0 = Release|Win32
	EndGlobalSection
	GlobalSection(SolutionProperties) = preSolution
		HideSolutionNode = FALSE
	EndGlobalSection
EndGlobal
