<?xml version="1.0" encoding="utf-8"?>
<Project ToolsVersion="4.0" xmlns="http://schemas.microsoft.com/developer/msbuild/2003">
  <ItemGroup>
    <Filter Include="Source Files">
      <UniqueIdentifier>{4FC737F1-C7A5-4376-A066-2A32D752A2FF}</UniqueIdentifier>
      <Extensions>cpp;c;cc;cxx;def;odl;idl;hpj;bat;asm;asmx</Extensions>
    </Filter>
    <Filter Include="T3">
      <UniqueIdentifier>{04864613-5791-4496-a45f-a558636f058f}</UniqueIdentifier>
    </Filter>
    <Filter Include="AirQuality">
      <UniqueIdentifier>{3757b5c7-f245-412e-bc02-5b9fe8cbf1a8}</UniqueIdentifier>
    </Filter>
    <Filter Include="Resource Files">
      <UniqueIdentifier>{67DA6AB6-F800-4c08-8B7A-83BB121AAD01}</UniqueIdentifier>
      <Extensions>rc;ico;cur;bmp;dlg;rc2;rct;bin;rgs;gif;jpg;jpeg;jpe;resx;tiff;tif;png;wav</Extensions>
    </Filter>
    <Filter Include="singleslider">
      <UniqueIdentifier>{38d4558f-60de-4677-87c1-5a273a6fc23a}</UniqueIdentifier>
    </Filter>
    <Filter Include="ClassInfo">
      <UniqueIdentifier>{c664f2cd-e719-4782-bcf4-c788a2753a9c}</UniqueIdentifier>
    </Filter>
    <Filter Include="BADO">
      <UniqueIdentifier>{c4576a71-639c-4b70-a1ac-7b0688be04b3}</UniqueIdentifier>
    </Filter>
    <Filter Include="Bacnet">
      <UniqueIdentifier>{47872dd0-6006-4513-92b4-d6258d979013}</UniqueIdentifier>
    </Filter>
    <Filter Include="Bacnet\CM5_H">
      <UniqueIdentifier>{f1c0a87b-351f-4535-a9ab-10e2bb3a8940}</UniqueIdentifier>
    </Filter>
    <Filter Include="ChartCtrl">
      <UniqueIdentifier>{27e725d7-6589-49bc-8746-034b8bae4c5a}</UniqueIdentifier>
    </Filter>
    <Filter Include="Header Files">
      <UniqueIdentifier>{93995380-89BD-4b04-88EB-625FBE52EBFB}</UniqueIdentifier>
      <Extensions>h;hpp;hxx;hm;inl;inc;xsd</Extensions>
    </Filter>
    <Filter Include="SQLiteDriver">
      <UniqueIdentifier>{f5dd6a0a-ef09-4c01-9e96-3c87708d5311}</UniqueIdentifier>
    </Filter>
    <Filter Include="Source Files\TSTAT">
      <UniqueIdentifier>{ac478693-4668-4cf6-99ba-2ec0374f5348}</UniqueIdentifier>
    </Filter>
  </ItemGroup>
  <ItemGroup>
    <ClCompile Include="AddBuilding.cpp">
      <Filter>Source Files</Filter>
    </ClCompile>
    <ClCompile Include="AfxMessageDialog.cpp">
      <Filter>Source Files</Filter>
    </ClCompile>
    <ClCompile Include="AllNodesDiaolg.cpp">
      <Filter>Source Files</Filter>
    </ClCompile>
    <ClCompile Include="Annual_Routines.cpp">
      <Filter>Source Files</Filter>
    </ClCompile>
    <ClCompile Include="AnnualRout_InsertDia.cpp">
      <Filter>Source Files</Filter>
    </ClCompile>
    <ClCompile Include="ApplyGraphicLabelsDlg.cpp">
      <Filter>Source Files</Filter>
    </ClCompile>
    <ClCompile Include="BuildTable1.cpp">
      <Filter>Source Files</Filter>
    </ClCompile>
    <ClCompile Include="ChangePasswordDlg.cpp">
      <Filter>Source Files</Filter>
    </ClCompile>
    <ClCompile Include="Config_Routines.cpp">
      <Filter>Source Files</Filter>
    </ClCompile>
    <ClCompile Include="LightingController\configure.cpp">
      <Filter>Source Files</Filter>
    </ClCompile>
    <ClCompile Include="Dialog_Progess.cpp">
      <Filter>Source Files</Filter>
    </ClCompile>
    <ClCompile Include="DialogInfo.cpp">
      <Filter>Source Files</Filter>
    </ClCompile>
    <ClCompile Include="EreaseDlg.cpp">
      <Filter>Source Files</Filter>
    </ClCompile>
    <ClCompile Include="excel9.cpp">
      <Filter>Source Files</Filter>
    </ClCompile>
    <ClCompile Include="FreeCoolDlg.cpp">
      <Filter>Source Files</Filter>
    </ClCompile>
    <ClCompile Include="GraphicView.cpp">
      <Filter>Source Files</Filter>
    </ClCompile>
    <ClCompile Include="GridButton.cpp">
      <Filter>Source Files</Filter>
    </ClCompile>
    <ClCompile Include="GridLoad.cpp">
      <Filter>Source Files</Filter>
    </ClCompile>
    <ClCompile Include="hangeIDDlg.cpp">
      <Filter>Source Files</Filter>
    </ClCompile>
    <ClCompile Include="ImageTreeCtrl.cpp">
      <Filter>Source Files</Filter>
    </ClCompile>
    <ClCompile Include="IniFile.cpp">
      <Filter>Source Files</Filter>
    </ClCompile>
    <ClCompile Include="InputSetDlg.cpp">
      <Filter>Source Files</Filter>
    </ClCompile>
    <ClCompile Include="LabelEditDlg.cpp">
      <Filter>Source Files</Filter>
    </ClCompile>
    <ClCompile Include="LedsDialog.cpp">
      <Filter>Source Files</Filter>
    </ClCompile>
    <ClCompile Include="LightingController\LightingController.cpp">
      <Filter>Source Files</Filter>
    </ClCompile>
    <ClCompile Include="LightingController\LightingSet.cpp">
      <Filter>Source Files</Filter>
    </ClCompile>
    <ClCompile Include="LoginDlg.cpp">
      <Filter>Source Files</Filter>
    </ClCompile>
    <ClCompile Include="MainFrm.cpp">
      <Filter>Source Files</Filter>
    </ClCompile>
    <ClCompile Include="ManageAccountDlg.cpp">
      <Filter>Source Files</Filter>
    </ClCompile>
    <ClCompile Include="NetworkControllView.cpp">
      <Filter>Source Files</Filter>
    </ClCompile>
    <ClCompile Include="OfficeStPtDlg.cpp">
      <Filter>Source Files</Filter>
    </ClCompile>
    <ClCompile Include="OutPutDlg.cpp">
      <Filter>Source Files</Filter>
    </ClCompile>
    <ClCompile Include="OutputSetDlg.cpp">
      <Filter>Source Files</Filter>
    </ClCompile>
    <ClCompile Include="OutsidDailog.cpp">
      <Filter>Source Files</Filter>
    </ClCompile>
    <ClCompile Include="ParameterDlg.cpp">
      <Filter>Source Files</Filter>
    </ClCompile>
    <ClCompile Include="RefreshTreeThread.cpp">
      <Filter>Source Files</Filter>
    </ClCompile>
    <ClCompile Include="RelayLabel.cpp">
      <Filter>Source Files</Filter>
    </ClCompile>
    <ClCompile Include="ScanDbWaitDlg.cpp">
      <Filter>Source Files</Filter>
    </ClCompile>
    <ClCompile Include="ScanDlg.cpp">
      <Filter>Source Files</Filter>
    </ClCompile>
    <ClCompile Include="SetPtDayDlg.cpp">
      <Filter>Source Files</Filter>
    </ClCompile>
    <ClCompile Include="SetptGraphicBar.cpp">
      <Filter>Source Files</Filter>
    </ClCompile>
    <ClCompile Include="stdafx.cpp">
      <Filter>Source Files</Filter>
    </ClCompile>
    <ClCompile Include="T3000.cpp">
      <Filter>Source Files</Filter>
    </ClCompile>
    <ClCompile Include="T3000Doc.cpp">
      <Filter>Source Files</Filter>
    </ClCompile>
    <ClCompile Include="T3000RegAddress.cpp">
      <Filter>Source Files</Filter>
    </ClCompile>
    <ClCompile Include="T3000View.cpp">
      <Filter>Source Files</Filter>
    </ClCompile>
    <ClCompile Include="Timer_Calibrate.cpp">
      <Filter>Source Files</Filter>
    </ClCompile>
    <ClCompile Include="TrendLogView.cpp">
      <Filter>Source Files</Filter>
    </ClCompile>
    <ClCompile Include="TrendLogWnd.cpp">
      <Filter>Source Files</Filter>
    </ClCompile>
    <ClCompile Include="TStat_Dev.cpp">
      <Filter>Source Files</Filter>
    </ClCompile>
    <ClCompile Include="TStat_Net.cpp">
      <Filter>Source Files</Filter>
    </ClCompile>
    <ClCompile Include="TStatBase.cpp">
      <Filter>Source Files</Filter>
    </ClCompile>
    <ClCompile Include="TStatScanner.cpp">
      <Filter>Source Files</Filter>
    </ClCompile>
    <ClCompile Include="TStatScheduleDlg.cpp">
      <Filter>Source Files</Filter>
    </ClCompile>
    <ClCompile Include="UserAcessSetDlg.cpp">
      <Filter>Source Files</Filter>
    </ClCompile>
    <ClCompile Include="Weekly_Routines.cpp">
      <Filter>Source Files</Filter>
    </ClCompile>
    <ClCompile Include="WeeklyRout_InsertDia.cpp">
      <Filter>Source Files</Filter>
    </ClCompile>
    <ClCompile Include="WorkspaceBar.cpp">
      <Filter>Source Files</Filter>
    </ClCompile>
    <ClCompile Include="T3\DialogT3.cpp">
      <Filter>T3</Filter>
    </ClCompile>
    <ClCompile Include="CM5\SliderBoth.cpp">
      <Filter>Bacnet</Filter>
    </ClCompile>
    <ClCompile Include="CM5\SliderBothBtn.cpp">
      <Filter>Bacnet</Filter>
    </ClCompile>
    <ClCompile Include="AirQuality\AirQuality.cpp">
      <Filter>AirQuality</Filter>
    </ClCompile>
    <ClCompile Include="singleslider\MacSliderCtrl.cpp">
      <Filter>singleslider</Filter>
    </ClCompile>
    <ClCompile Include="CO2_View.cpp">
      <Filter>Source Files</Filter>
    </ClCompile>
    <ClCompile Include="IONameConfig.cpp">
      <Filter>Source Files</Filter>
    </ClCompile>
    <ClCompile Include="CM5\ListCtrlCellEx.cpp">
      <Filter>Bacnet</Filter>
    </ClCompile>
    <ClCompile Include="CM5\ListCtrlEx.cpp">
      <Filter>Bacnet</Filter>
    </ClCompile>
    <ClCompile Include="CM5\MyOwnListCtrl.cpp">
      <Filter>Bacnet</Filter>
    </ClCompile>
    <ClCompile Include="DisplayConfig.cpp">
      <Filter>Source Files</Filter>
    </ClCompile>
    <ClCompile Include="T3RTDView.cpp">
      <Filter>Source Files</Filter>
    </ClCompile>
    <ClCompile Include="T38I13O.cpp">
      <Filter>Source Files</Filter>
    </ClCompile>
    <ClCompile Include="T38AI8AO.cpp">
      <Filter>Source Files</Filter>
    </ClCompile>
    <ClCompile Include="T38AI16O.cpp">
      <Filter>Source Files</Filter>
    </ClCompile>
    <ClCompile Include="T36CT.cpp">
      <Filter>Source Files</Filter>
    </ClCompile>
    <ClCompile Include="T332AI.cpp">
      <Filter>Source Files</Filter>
    </ClCompile>
    <ClCompile Include="T328IN.cpp">
      <Filter>Source Files</Filter>
    </ClCompile>
    <ClCompile Include="CM5\BacNetProgram_transplant.cpp">
      <Filter>Bacnet</Filter>
    </ClCompile>
    <ClCompile Include="BacnetProgramEdit.cpp">
      <Filter>Bacnet</Filter>
    </ClCompile>
    <ClCompile Include="BacnetInput.cpp">
      <Filter>Bacnet</Filter>
    </ClCompile>
    <ClCompile Include="BacnetOutput.cpp">
      <Filter>Bacnet</Filter>
    </ClCompile>
    <ClCompile Include="BacnetProgram.cpp">
      <Filter>Bacnet</Filter>
    </ClCompile>
    <ClCompile Include="BacnetVariable.cpp">
      <Filter>Bacnet</Filter>
    </ClCompile>
    <ClCompile Include="CM5\CStatic\staticex.cpp">
      <Filter>Bacnet</Filter>
    </ClCompile>
    <ClCompile Include="BacnetRange.cpp">
      <Filter>Bacnet</Filter>
    </ClCompile>
    <ClCompile Include="BacnetWait.cpp">
      <Filter>Bacnet</Filter>
    </ClCompile>
    <ClCompile Include="CustomSTable.cpp">
      <Filter>Source Files</Filter>
    </ClCompile>
    <ClCompile Include="BacnetWeeklyRoutine.cpp">
      <Filter>Bacnet</Filter>
    </ClCompile>
    <ClCompile Include="BacnetAnnualRoutine.cpp">
      <Filter>Bacnet</Filter>
    </ClCompile>
    <ClCompile Include="BacnetController.cpp">
      <Filter>Bacnet</Filter>
    </ClCompile>
    <ClCompile Include="AirflowSettingDlg.cpp">
      <Filter>Source Files</Filter>
    </ClCompile>
    <ClCompile Include="BacnetScheduleTime.cpp">
      <Filter>Bacnet</Filter>
    </ClCompile>
    <ClCompile Include="WriteSingleRegDlg.cpp">
      <Filter>Source Files</Filter>
    </ClCompile>
    <ClCompile Include="fileRW.cpp">
      <Filter>Source Files</Filter>
    </ClCompile>
    <ClCompile Include="LanguageLocale.cpp">
      <Filter>Source Files</Filter>
    </ClCompile>
    <ClCompile Include="BacnetGraphic.cpp">
      <Filter>Bacnet</Filter>
    </ClCompile>
    <ClCompile Include="BacnetMonitor.cpp">
      <Filter>Bacnet</Filter>
    </ClCompile>
    <ClCompile Include="BacnetScreen.cpp">
      <Filter>Bacnet</Filter>
    </ClCompile>
    <ClCompile Include="CM5\PointItem.cpp">
      <Filter>Bacnet</Filter>
    </ClCompile>
    <ClCompile Include="LCOutNameConfig.cpp">
      <Filter>Source Files</Filter>
    </ClCompile>
    <ClCompile Include="TemcoDataGrid.cpp">
      <Filter>Source Files</Filter>
    </ClCompile>
    <ClCompile Include="RegisterWriteValueDlg.cpp">
      <Filter>Source Files</Filter>
    </ClCompile>
    <ClCompile Include="ARDDlg.cpp">
      <Filter>Source Files</Filter>
    </ClCompile>
    <ClCompile Include="BacnetTool.cpp">
      <Filter>Bacnet</Filter>
    </ClCompile>
    <ClCompile Include="BacnetToolReadProperty.cpp">
      <Filter>Bacnet</Filter>
    </ClCompile>
    <ClCompile Include="BacnetScreenEdit.cpp">
      <Filter>Bacnet</Filter>
    </ClCompile>
    <ClCompile Include="BacnetAlarmLog.cpp">
      <Filter>Bacnet</Filter>
    </ClCompile>
    <ClCompile Include="BacnetAlarmWindow.cpp">
      <Filter>Bacnet</Filter>
    </ClCompile>
    <ClCompile Include="BacnetTstat.cpp">
      <Filter>Bacnet</Filter>
    </ClCompile>
    <ClCompile Include="BacnetView.cpp">
      <Filter>Bacnet</Filter>
    </ClCompile>
    <ClCompile Include="CO2NetView.cpp">
      <Filter>Source Files</Filter>
    </ClCompile>
    <ClCompile Include="TstatZigbeeLogic.cpp">
      <Filter>Source Files</Filter>
    </ClCompile>
    <ClCompile Include="BacnetSetting.cpp">
      <Filter>Bacnet</Filter>
    </ClCompile>
    <ClCompile Include="Class\md5.cpp">
      <Filter>ClassInfo</Filter>
    </ClCompile>
    <ClCompile Include="Class\MulitithreadSocket.cpp">
      <Filter>ClassInfo</Filter>
    </ClCompile>
    <ClCompile Include="Flash_Multy.cpp">
      <Filter>Source Files</Filter>
    </ClCompile>
    <ClCompile Include="T3000UpdateDlg.cpp">
      <Filter>Source Files</Filter>
    </ClCompile>
    <ClCompile Include="AutoRichEditCtrl.cpp">
      <Filter>Source Files</Filter>
    </ClCompile>
    <ClCompile Include="T3000DefaultView.cpp">
      <Filter>Source Files</Filter>
    </ClCompile>
    <ClCompile Include="..\ISP\MyPing.cpp">
      <Filter>ClassInfo</Filter>
    </ClCompile>
    <ClCompile Include="Bacnetaddintodb.cpp">
      <Filter>Bacnet</Filter>
    </ClCompile>
    <ClCompile Include="BacnetCustomerDigitalRange.cpp">
      <Filter>Bacnet</Filter>
    </ClCompile>
    <ClCompile Include="Bacnetaddintodb.cpp">
      <Filter>Source Files</Filter>
    </ClCompile>
    <ClCompile Include="PressureSensorForm.cpp">
      <Filter>Source Files</Filter>
    </ClCompile>
    <ClCompile Include="TempHumSensorForm.cpp">
      <Filter>Source Files</Filter>
    </ClCompile>
    <ClCompile Include="DllFunction.cpp">
      <Filter>Source Files</Filter>
    </ClCompile>
    <ClCompile Include="BacnetUserConfig.cpp">
      <Filter>Bacnet</Filter>
    </ClCompile>
    <ClCompile Include="BacnetUserlogin.cpp">
      <Filter>Bacnet</Filter>
    </ClCompile>
    <ClCompile Include="BacnetAddLabel.cpp">
      <Filter>Bacnet</Filter>
    </ClCompile>
    <ClCompile Include="BacnetEditLabel.cpp">
      <Filter>Bacnet</Filter>
    </ClCompile>
    <ClCompile Include="ConfigFileHandler.cpp">
      <Filter>Source Files</Filter>
    </ClCompile>
    <ClCompile Include="ping.cpp">
      <Filter>Source Files</Filter>
    </ClCompile>
    <ClCompile Include="TroubleShootDlg.cpp">
      <Filter>Source Files</Filter>
    </ClCompile>
    <ClCompile Include="BacnetATCommand.cpp">
      <Filter>Bacnet</Filter>
    </ClCompile>
    <ClCompile Include="BuildingConfigration.cpp">
      <Filter>Source Files</Filter>
    </ClCompile>
    <ClCompile Include="DetectOnlineDlg.cpp">
      <Filter>Source Files</Filter>
    </ClCompile>
    <ClCompile Include="DebugWindow.cpp">
      <Filter>Bacnet</Filter>
    </ClCompile>
    <ClCompile Include="Dowmloadfile.cpp">
      <Filter>Bacnet</Filter>
    </ClCompile>
    <ClCompile Include="DownloadSocket.cpp">
      <Filter>Bacnet</Filter>
    </ClCompile>
    <ClCompile Include="TCP_Server.cpp">
      <Filter>Bacnet</Filter>
    </ClCompile>
    <ClCompile Include="BacnetRemotePoint.cpp">
      <Filter>Bacnet</Filter>
    </ClCompile>
    <ClCompile Include="TstatRangeDlg.cpp">
      <Filter>Source Files</Filter>
    </ClCompile>
    <ClCompile Include="ChartCtrl\ChartAxis.cpp">
      <Filter>ChartCtrl</Filter>
    </ClCompile>
    <ClCompile Include="ChartCtrl\ChartAxisLabel.cpp">
      <Filter>ChartCtrl</Filter>
    </ClCompile>
    <ClCompile Include="ChartCtrl\ChartBarSerie.cpp">
      <Filter>ChartCtrl</Filter>
    </ClCompile>
    <ClCompile Include="ChartCtrl\ChartCandlestickSerie.cpp">
      <Filter>ChartCtrl</Filter>
    </ClCompile>
    <ClCompile Include="ChartCtrl\ChartCrossHairCursor.cpp">
      <Filter>ChartCtrl</Filter>
    </ClCompile>
    <ClCompile Include="ChartCtrl\ChartCtrl.cpp">
      <Filter>ChartCtrl</Filter>
    </ClCompile>
    <ClCompile Include="ChartCtrl\ChartCursor.cpp">
      <Filter>ChartCtrl</Filter>
    </ClCompile>
    <ClCompile Include="ChartCtrl\ChartDateTimeAxis.cpp">
      <Filter>ChartCtrl</Filter>
    </ClCompile>
    <ClCompile Include="ChartCtrl\ChartDragLineCursor.cpp">
      <Filter>ChartCtrl</Filter>
    </ClCompile>
    <ClCompile Include="ChartCtrl\ChartFont.cpp">
      <Filter>ChartCtrl</Filter>
    </ClCompile>
    <ClCompile Include="ChartCtrl\ChartGanttSerie.cpp">
      <Filter>ChartCtrl</Filter>
    </ClCompile>
    <ClCompile Include="ChartCtrl\ChartGradient.cpp">
      <Filter>ChartCtrl</Filter>
    </ClCompile>
    <ClCompile Include="ChartCtrl\ChartGrid.cpp">
      <Filter>ChartCtrl</Filter>
    </ClCompile>
    <ClCompile Include="ChartCtrl\ChartLegend.cpp">
      <Filter>ChartCtrl</Filter>
    </ClCompile>
    <ClCompile Include="ChartCtrl\ChartLineSerie.cpp">
      <Filter>ChartCtrl</Filter>
    </ClCompile>
    <ClCompile Include="ChartCtrl\ChartLogarithmicAxis.cpp">
      <Filter>ChartCtrl</Filter>
    </ClCompile>
    <ClCompile Include="ChartCtrl\ChartPointsSerie.cpp">
      <Filter>ChartCtrl</Filter>
    </ClCompile>
    <ClCompile Include="ChartCtrl\ChartScrollBar.cpp">
      <Filter>ChartCtrl</Filter>
    </ClCompile>
    <ClCompile Include="ChartCtrl\ChartSerie.cpp">
      <Filter>ChartCtrl</Filter>
    </ClCompile>
    <ClCompile Include="ChartCtrl\ChartStandardAxis.cpp">
      <Filter>ChartCtrl</Filter>
    </ClCompile>
    <ClCompile Include="ChartCtrl\ChartSurfaceSerie.cpp">
      <Filter>ChartCtrl</Filter>
    </ClCompile>
    <ClCompile Include="ChartCtrl\ChartTitle.cpp">
      <Filter>ChartCtrl</Filter>
    </ClCompile>
    <ClCompile Include="ChartCtrl\ChartXYSerie.cpp">
      <Filter>ChartCtrl</Filter>
    </ClCompile>
    <ClCompile Include="T3ModulesView.cpp">
      <Filter>Source Files</Filter>
    </ClCompile>
    <ClCompile Include="T3RangeDlg.cpp">
      <Filter>Source Files</Filter>
    </ClCompile>
    <ClCompile Include="GraphicMode.cpp">
      <Filter>Source Files</Filter>
    </ClCompile>
    <ClCompile Include="T3ModulesOutputDlg.cpp">
      <Filter>Source Files</Filter>
    </ClCompile>
    <ClCompile Include="BatchSNDlg.cpp">
      <Filter>Source Files</Filter>
    </ClCompile>
    <ClCompile Include="ProductRegisterListView.cpp">
      <Filter>Source Files</Filter>
    </ClCompile>
    <ClCompile Include="WriteRegistersValueDlg.cpp">
      <Filter>Source Files</Filter>
    </ClCompile>
    <ClCompile Include="EnterValueDlg.cpp">
      <Filter>Source Files</Filter>
    </ClCompile>
    <ClCompile Include="Enter_Value_BinaryDlg.cpp">
      <Filter>Source Files</Filter>
    </ClCompile>
    <ClCompile Include="TStatInputView.cpp">
      <Filter>Source Files</Filter>
    </ClCompile>
    <ClCompile Include="TStatOutputView.cpp">
      <Filter>Source Files</Filter>
    </ClCompile>
    <ClCompile Include="BacnetProgramSetting.cpp">
      <Filter>Bacnet</Filter>
    </ClCompile>
    <ClCompile Include="BoatMonitorViewer.cpp">
      <Filter>Source Files</Filter>
    </ClCompile>
    <ClCompile Include="BacnetGraphicSetting.cpp">
      <Filter>Bacnet</Filter>
    </ClCompile>
    <ClCompile Include="BacnetAnalogCusRang.cpp">
      <Filter>Bacnet</Filter>
    </ClCompile>
    <ClCompile Include="BacnetProgramDebug.cpp">
      <Filter>Bacnet</Filter>
    </ClCompile>
    <ClCompile Include="FileOperations.cpp">
      <Filter>Source Files</Filter>
    </ClCompile>
    <ClCompile Include="BootFinderDlg.cpp">
      <Filter>Source Files</Filter>
    </ClCompile>
    <ClCompile Include="T3000_Default_MainView.cpp">
      <Filter>Source Files</Filter>
    </ClCompile>
    <ClCompile Include="MySocket.cpp">
      <Filter>Source Files</Filter>
    </ClCompile>
    <ClCompile Include="BuildingConfigEditDlg.cpp">
      <Filter>Source Files</Filter>
    </ClCompile>
    <ClCompile Include="ConnectRemoteServer.cpp">
      <Filter>Bacnet</Filter>
    </ClCompile>
    <ClCompile Include="T3000Option.cpp">
      <Filter>Source Files</Filter>
    </ClCompile>
    <ClCompile Include="..\SQLiteDriver\CppSQLite3.cpp">
      <Filter>SQLiteDriver</Filter>
    </ClCompile>
    <ClCompile Include="RemotePtpLogin.cpp">
      <Filter>Source Files</Filter>
    </ClCompile>
    <ClCompile Include="NewTstatSchedulesDlg.cpp">
      <Filter>Source Files</Filter>
    </ClCompile>
    <ClCompile Include="DuplicateIdDetected.cpp">
      <Filter>Bacnet</Filter>
    </ClCompile>
    <ClCompile Include="ISPModeSlove.cpp">
      <Filter>Bacnet</Filter>
    </ClCompile>
    <ClCompile Include="StatusbarCtrl.cpp">
      <Filter>Bacnet</Filter>
    </ClCompile>
    <ClCompile Include="HexFileParser.cpp">
      <Filter>Source Files</Filter>
    </ClCompile>
    <ClCompile Include="BinFileParser.cpp">
      <Filter>Source Files</Filter>
    </ClCompile>
    <ClCompile Include="OXBitmapButton.cpp">
      <Filter>Source Files</Filter>
    </ClCompile>
    <ClCompile Include="OXToolTipCtrl.cpp">
      <Filter>Source Files</Filter>
    </ClCompile>
    <ClCompile Include="ZigbeeInformationDlg.cpp">
      <Filter>Source Files</Filter>
    </ClCompile>
    <ClCompile Include="BADO\BADO.cpp">
      <Filter>BADO</Filter>
    </ClCompile>
    <ClCompile Include="SetTimeDlg.cpp">
      <Filter>Source Files</Filter>
    </ClCompile>
    <ClCompile Include="BTUMeterDlg.cpp">
      <Filter>Source Files</Filter>
    </ClCompile>
    <ClCompile Include="BacnetIOConfig.cpp">
      <Filter>Bacnet</Filter>
    </ClCompile>
    <ClCompile Include="BacnetMessageInput.cpp">
      <Filter>Bacnet</Filter>
    </ClCompile>
    <ClCompile Include="BacnetSettingHealth.cpp">
      <Filter>Bacnet</Filter>
    </ClCompile>
    <ClCompile Include="BacnetVarCusRang.cpp">
      <Filter>Bacnet</Filter>
    </ClCompile>
    <ClCompile Include="WifiConfigDlg.cpp">
      <Filter>Source Files</Filter>
    </ClCompile>
    <ClCompile Include="BacnetAddVirtualDevice.cpp">
      <Filter>Bacnet</Filter>
    </ClCompile>
    <ClCompile Include="BacnetRemotePortWarning.cpp">
      <Filter>Bacnet</Filter>
    </ClCompile>
    <ClCompile Include="msflexgrid1.cpp">
      <Filter>Source Files</Filter>
    </ClCompile>
    <ClCompile Include="global_function.cpp">
      <Filter>Source Files</Filter>
    </ClCompile>
    <ClCompile Include="GroupScheduleDlg.cpp">
      <Filter>Source Files</Filter>
    </ClCompile>
    <ClCompile Include="ModbusToBacnetRouterDlg.cpp">
      <Filter>Source Files</Filter>
    </ClCompile>
    <ClCompile Include="BacnetTstatSchedule.cpp">
      <Filter>Source Files</Filter>
    </ClCompile>
    <ClCompile Include="TemcoStandardBacnetToolDlg.cpp">
      <Filter>Source Files</Filter>
    </ClCompile>
    <ClCompile Include="ParameterExtDlg.cpp">
      <Filter>Source Files</Filter>
    </ClCompile>
    <ClCompile Include="ShowMessageDlg.cpp">
      <Filter>Bacnet</Filter>
    </ClCompile>
    <ClCompile Include="TstatIconSetting.cpp">
      <Filter>Source Files\TSTAT</Filter>
    </ClCompile>
    <ClCompile Include="NewT3000ProgramEditorDlg.cpp">
      <Filter>Source Files</Filter>
    </ClCompile>
    <ClCompile Include="Powermeter.cpp">
      <Filter>Source Files</Filter>
    </ClCompile>
    <ClCompile Include="PowerMeterList.cpp">
      <Filter>Source Files</Filter>
    </ClCompile>
    <ClCompile Include="T3000LogWindow.cpp">
      <Filter>Source Files</Filter>
    </ClCompile>
    <ClCompile Include="BacnetRegisterListView.cpp">
      <Filter>Bacnet</Filter>
    </ClCompile>
    <ClCompile Include="CO2_NodeView.cpp">
      <Filter>Source Files</Filter>
    </ClCompile>
    <ClCompile Include="BacnetAddRemoteDevice.cpp">
      <Filter>Source Files</Filter>
    </ClCompile>
  </ItemGroup>
  <ItemGroup>
    <None Include="res\ApplyDisable.bmp">
      <Filter>Resource Files</Filter>
    </None>
    <None Include="res\ApplyDown.bmp">
      <Filter>Resource Files</Filter>
    </None>
    <None Include="res\ApplyFouct.bmp">
      <Filter>Resource Files</Filter>
    </None>
    <None Include="res\ApplyUp.bmp">
      <Filter>Resource Files</Filter>
    </None>
    <None Include="res\bitmap1.bmp">
      <Filter>Resource Files</Filter>
    </None>
    <None Include="res\bitmap2.bmp">
      <Filter>Resource Files</Filter>
    </None>
    <None Include="res\bitmap4.bmp">
      <Filter>Resource Files</Filter>
    </None>
    <None Include="C:\Users\pc\Desktop\bmp00001.bmp">
      <Filter>Resource Files</Filter>
    </None>
    <None Include="res\bmp_down.bmp">
      <Filter>Resource Files</Filter>
    </None>
    <None Include="res\bmp_up.bmp">
      <Filter>Resource Files</Filter>
    </None>
    <None Include="res\check.bmp">
      <Filter>Resource Files</Filter>
    </None>
    <None Include="res\checkno.bmp">
      <Filter>Resource Files</Filter>
    </None>
    <None Include="res\ClearDisable.bmp">
      <Filter>Resource Files</Filter>
    </None>
    <None Include="res\ClearDown.bmp">
      <Filter>Resource Files</Filter>
    </None>
    <None Include="res\ClearFouct.bmp">
      <Filter>Resource Files</Filter>
    </None>
    <None Include="res\ClearUp.bmp">
      <Filter>Resource Files</Filter>
    </None>
    <None Include="res\coldtool.bmp">
      <Filter>Resource Files</Filter>
    </None>
    <None Include="res\hottool.bmp">
      <Filter>Resource Files</Filter>
    </None>
    <None Include="res\MDisable.bmp">
      <Filter>Resource Files</Filter>
    </None>
    <None Include="res\MDown.bmp">
      <Filter>Resource Files</Filter>
    </None>
    <None Include="res\menu_img.bmp">
      <Filter>Resource Files</Filter>
    </None>
    <None Include="res\menu_imgeOwn.bmp">
      <Filter>Resource Files</Filter>
    </None>
    <None Include="res\menu_imgeOwn16.bmp">
      <Filter>Resource Files</Filter>
    </None>
    <None Include="res\MFouct.bmp">
      <Filter>Resource Files</Filter>
    </None>
    <None Include="res\MUp.bmp">
      <Filter>Resource Files</Filter>
    </None>
    <None Include="C:\Documents and Settings\lee\桌面\NWT3000.ico">
      <Filter>Resource Files</Filter>
    </None>
    <None Include="res\Schedule0607.bmp">
      <Filter>Resource Files</Filter>
    </None>
    <None Include="res\serialnum.ico">
      <Filter>Resource Files</Filter>
    </None>
    <None Include="C:\Documents and Settings\lee\桌面\serialnum.ico">
      <Filter>Resource Files</Filter>
    </None>
    <None Include="res\T3000.ico">
      <Filter>Resource Files</Filter>
    </None>
    <None Include="res\T3000.rc2">
      <Filter>Resource Files</Filter>
    </None>
    <None Include="res\T3000Doc.ico">
      <Filter>Resource Files</Filter>
    </None>
    <None Include="res\Toolbar-48.bmp">
      <Filter>Resource Files</Filter>
    </None>
    <None Include="res\Toolbar.bmp">
      <Filter>Resource Files</Filter>
    </None>
    <None Include="res\toolbar1.bmp">
      <Filter>Resource Files</Filter>
    </None>
    <None Include="res\toolbar2.bmp">
      <Filter>Resource Files</Filter>
    </None>
    <None Include="res\Toolbar256.bmp">
      <Filter>Resource Files</Filter>
    </None>
    <None Include="res\Toolbar_V25049.bmp">
      <Filter>Resource Files</Filter>
    </None>
    <None Include="res\ToolbarOwn.bmp">
      <Filter>Resource Files</Filter>
    </None>
    <None Include="res\treenode.bmp">
      <Filter>Resource Files</Filter>
    </None>
    <None Include="UserImages.bmp">
      <Filter>Resource Files</Filter>
    </None>
    <None Include="..\ModbusDllforVc\ModbusDllforVc\ReadMe.txt" />
    <None Include="res\Refresh.ico">
      <Filter>Resource Files</Filter>
    </None>
    <None Include="res\Exit.ico">
      <Filter>Resource Files</Filter>
    </None>
    <None Include="res\Input.ico">
      <Filter>Resource Files</Filter>
    </None>
    <None Include="res\Input.ico">
      <Filter>Resource Files</Filter>
    </None>
    <None Include="res\OK.ico">
      <Filter>Resource Files</Filter>
    </None>
    <None Include="res\Back.bmp">
      <Filter>Resource Files</Filter>
    </None>
    <None Include="res\temcologo.bmp">
      <Filter>Resource Files</Filter>
    </None>
    <None Include="res\LED Table Button.bmp">
      <Filter>Resource Files</Filter>
    </None>
    <None Include="res\LCD Table Button.bmp">
      <Filter>Resource Files</Filter>
    </None>
    <None Include="res\menubaro.bmp">
      <Filter>Resource Files</Filter>
    </None>
    <None Include="res\menubaro_Connected.bmp">
      <Filter>Resource Files</Filter>
    </None>
    <None Include="res\bitmap_v.bmp">
      <Filter>Resource Files</Filter>
    </None>
    <None Include="res\bitmap_v_Connected.bmp">
      <Filter>Resource Files</Filter>
    </None>
    <None Include="res\temco_logo.bmp">
      <Filter>Resource Files</Filter>
    </None>
    <None Include="res\temco_logo.jpg">
      <Filter>Resource Files</Filter>
    </None>
    <None Include="res\default view.jpg">
      <Filter>Resource Files</Filter>
    </None>
    <None Include="res\default view.bmp">
      <Filter>Resource Files</Filter>
    </None>
    <None Include="res\Scan.ico">
      <Filter>Resource Files</Filter>
    </None>
    <None Include="res\Login.bmp">
      <Filter>Resource Files</Filter>
    </None>
    <None Include="res\Login" />
    <None Include="res\relay.ico">
      <Filter>Resource Files</Filter>
    </None>
    <None Include="res\switch_on.ico">
      <Filter>Resource Files</Filter>
    </None>
    <None Include="res\switch_off.ico">
      <Filter>Resource Files</Filter>
    </None>
    <None Include="res\Building.bmp">
      <Filter>Resource Files</Filter>
    </None>
    <None Include="res\Select.ico">
      <Filter>Resource Files</Filter>
    </None>
    <None Include="res\T3000Building.bmp">
      <Filter>Resource Files</Filter>
    </None>
    <None Include="res\T3000_DEFAULT.bmp">
      <Filter>Resource Files</Filter>
    </None>
    <None Include="res\bmp_bacnet.bmp">
      <Filter>Resource Files</Filter>
    </None>
    <None Include="res\bmp00001.bmp">
      <Filter>Resource Files</Filter>
    </None>
    <None Include="res\bacnet_menu_bit.bmp">
      <Filter>Resource Files</Filter>
    </None>
    <None Include="res\monitor_.bin">
      <Filter>Resource Files</Filter>
    </None>
    <None Include="ChartCtrl\ChartBalloonLabel.inl">
      <Filter>ChartCtrl</Filter>
    </None>
    <None Include="ChartCtrl\ChartLabel.inl">
      <Filter>ChartCtrl</Filter>
    </None>
    <None Include="ChartCtrl\ChartPointsArray.inl">
      <Filter>ChartCtrl</Filter>
    </None>
    <None Include="ChartCtrl\ChartSerieBase.inl">
      <Filter>ChartCtrl</Filter>
    </None>
    <None Include="res\building.bin">
      <Filter>Resource Files</Filter>
    </None>
    <None Include="res\lock.ico">
      <Filter>Resource Files</Filter>
    </None>
    <None Include="res\unlock.ico">
      <Filter>Resource Files</Filter>
    </None>
    <None Include="res\AlarmsBrown.bmp">
      <Filter>Resource Files</Filter>
    </None>
    <None Include="res\AlarmsGreen.bmp">
      <Filter>Resource Files</Filter>
    </None>
    <None Include="res\bitmap8.bmp">
      <Filter>Resource Files</Filter>
    </None>
    <None Include="res\AlarmsRed.bmp">
      <Filter>Resource Files</Filter>
    </None>
    <None Include="res\bitmap9.bmp">
      <Filter>Resource Files</Filter>
    </None>
    <None Include="res\INPUT_DEFAULT.ico">
      <Filter>Resource Files</Filter>
    </None>
    <None Include="Z:\Temp\lm\T3000\BluBuildings.ico">
      <Filter>Resource Files</Filter>
    </None>
    <None Include="Z:\Temp\lm\T3000\t3000_icon_output.ico">
      <Filter>Resource Files</Filter>
    </None>
    <None Include="Z:\Temp\lm\T3000\t3000_icon_output.png">
      <Filter>Resource Files</Filter>
    </None>
    <None Include="res\Input_Icon_Default.ico">
      <Filter>Resource Files</Filter>
    </None>
    <None Include="res\Schedual_Icon_Default.ico">
      <Filter>Resource Files</Filter>
    </None>
    <None Include="res\Schedual_Icon_Default2.ico">
      <Filter>Resource Files</Filter>
    </None>
    <None Include="res\default_icon\Variables.ico">
      <Filter>Resource Files</Filter>
    </None>
    <None Include="res\default_icon\Programs.ico">
      <Filter>Resource Files</Filter>
    </None>
    <None Include="res\default_icon\Holidays.ico">
      <Filter>Resource Files</Filter>
    </None>
    <None Include="res\default_icon\schedual.ico">
      <Filter>Resource Files</Filter>
    </None>
    <None Include="res\default_icon\TrendLogs.ico">
      <Filter>Resource Files</Filter>
    </None>
    <None Include="res\default_icon\PID.ico">
      <Filter>Resource Files</Filter>
    </None>
    <None Include="res\MFC16API.dll" />
    <None Include="res\Building.db" />
    <None Include="res\T3000.db" />
    <None Include="res\MonitorData.db" />
    <None Include="res\PIDBUTTON.bmp">
      <Filter>Resource Files</Filter>
    </None>
    <None Include="res\MonitorData.mdb" />
    <None Include="res\loading_icon\Step1.ico">
      <Filter>Resource Files</Filter>
    </None>
    <None Include="res\loading_icon\Step2.ico">
      <Filter>Resource Files</Filter>
    </None>
    <None Include="res\loading_icon\Step3.ico">
      <Filter>Resource Files</Filter>
    </None>
    <None Include="res\loading_icon\Step4.ico">
      <Filter>Resource Files</Filter>
    </None>
    <None Include="res\loading_icon\Step5.ico">
      <Filter>Resource Files</Filter>
    </None>
    <None Include="res\loading_icon\Step6.ico">
      <Filter>Resource Files</Filter>
    </None>
    <None Include="res\default_icon\Alarms.ico">
      <Filter>Resource Files</Filter>
    </None>
    <None Include="res\default_icon\RemotePoints.ico">
      <Filter>Resource Files</Filter>
    </None>
    <None Include="res\default_icon\Configuration.ico">
      <Filter>Resource Files</Filter>
    </None>
    <None Include="res\default_icon\Graphics2.ico">
      <Filter>Resource Files</Filter>
    </None>
    <None Include="res\default_icon\outputs2.ico">
      <Filter>Resource Files</Filter>
    </None>
    <None Include="res\default_icon\inputs.ico">
      <Filter>Resource Files</Filter>
    </None>
    <None Include="res\toolbar_disable.bmp">
      <Filter>Resource Files</Filter>
    </None>
    <None Include="ClassDiagram.cd" />
    <None Include="OutputTableDlg.htm" />
  </ItemGroup>
  <ItemGroup>
    <ClInclude Include="TrendLogWnd.h">
      <Filter>Source Files</Filter>
    </ClInclude>
    <ClInclude Include="AddBuilding.h">
      <Filter>Header Files</Filter>
    </ClInclude>
    <ClInclude Include="AfxMessageDialog.h">
      <Filter>Header Files</Filter>
    </ClInclude>
    <ClInclude Include="AllNodesDiaolg.h">
      <Filter>Header Files</Filter>
    </ClInclude>
    <ClInclude Include="Annual_Routines.h">
      <Filter>Header Files</Filter>
    </ClInclude>
    <ClInclude Include="AnnualRout_InsertDia.h">
      <Filter>Header Files</Filter>
    </ClInclude>
    <ClInclude Include="ApplyGraphicLabelsDlg.h">
      <Filter>Header Files</Filter>
    </ClInclude>
    <ClInclude Include="BuildTable1.h">
      <Filter>Header Files</Filter>
    </ClInclude>
    <ClInclude Include="ChangePasswordDlg.h">
      <Filter>Header Files</Filter>
    </ClInclude>
    <ClInclude Include="Config_Routines.h">
      <Filter>Header Files</Filter>
    </ClInclude>
    <ClInclude Include="LightingController\configure.h">
      <Filter>Header Files</Filter>
    </ClInclude>
    <ClInclude Include="define.h">
      <Filter>Header Files</Filter>
    </ClInclude>
    <ClInclude Include="Dialog_Progess.h">
      <Filter>Header Files</Filter>
    </ClInclude>
    <ClInclude Include="DialogInfo.h">
      <Filter>Header Files</Filter>
    </ClInclude>
    <ClInclude Include="EreaseDlg.h">
      <Filter>Header Files</Filter>
    </ClInclude>
    <ClInclude Include="excel9.h">
      <Filter>Header Files</Filter>
    </ClInclude>
    <ClInclude Include="FreeCoolDlg.h">
      <Filter>Header Files</Filter>
    </ClInclude>
    <ClInclude Include="global_variable.h">
      <Filter>Header Files</Filter>
    </ClInclude>
    <ClInclude Include="global_variable_extern.h">
      <Filter>Header Files</Filter>
    </ClInclude>
    <ClInclude Include="GraphicView.h">
      <Filter>Header Files</Filter>
    </ClInclude>
    <ClInclude Include="GridButton.h">
      <Filter>Header Files</Filter>
    </ClInclude>
    <ClInclude Include="GridFlashDlg.h">
      <Filter>Header Files</Filter>
    </ClInclude>
    <ClInclude Include="GridLoad.h">
      <Filter>Header Files</Filter>
    </ClInclude>
    <ClInclude Include="hangeIDDlg.h">
      <Filter>Header Files</Filter>
    </ClInclude>
    <ClInclude Include="ImageTreeCtrl.h">
      <Filter>Header Files</Filter>
    </ClInclude>
    <ClInclude Include="IniFile.h">
      <Filter>Header Files</Filter>
    </ClInclude>
    <ClInclude Include="InputSetDlg.h">
      <Filter>Header Files</Filter>
    </ClInclude>
    <ClInclude Include="IODisplayBar.h">
      <Filter>Header Files</Filter>
    </ClInclude>
    <ClInclude Include="LabelEditDlg.h">
      <Filter>Header Files</Filter>
    </ClInclude>
    <ClInclude Include="LedsDialog.h">
      <Filter>Header Files</Filter>
    </ClInclude>
    <ClInclude Include="LightingController\LightingController.h">
      <Filter>Header Files</Filter>
    </ClInclude>
    <ClInclude Include="LightingController\LightingSet.h">
      <Filter>Header Files</Filter>
    </ClInclude>
    <ClInclude Include="LoginDlg.h">
      <Filter>Header Files</Filter>
    </ClInclude>
    <ClInclude Include="MainFrm.h">
      <Filter>Header Files</Filter>
    </ClInclude>
    <ClInclude Include="ManageAccountDlg.h">
      <Filter>Header Files</Filter>
    </ClInclude>
    <ClInclude Include="modbus.h">
      <Filter>Header Files</Filter>
    </ClInclude>
    <ClInclude Include="monthview1.h">
      <Filter>Header Files</Filter>
    </ClInclude>
    <ClInclude Include="msflexgrid1.h">
      <Filter>Header Files</Filter>
    </ClInclude>
    <ClInclude Include="NcModbus.h">
      <Filter>Header Files</Filter>
    </ClInclude>
    <ClInclude Include="NetworkControllView.h">
      <Filter>Header Files</Filter>
    </ClInclude>
    <ClInclude Include="OfficeStPtDlg.h">
      <Filter>Header Files</Filter>
    </ClInclude>
    <ClInclude Include="OutPutDlg.h">
      <Filter>Header Files</Filter>
    </ClInclude>
    <ClInclude Include="OutputSetDlg.h">
      <Filter>Header Files</Filter>
    </ClInclude>
    <ClInclude Include="OutsidDailog.h">
      <Filter>Header Files</Filter>
    </ClInclude>
    <ClInclude Include="ParameterDlg.h">
      <Filter>Header Files</Filter>
    </ClInclude>
    <ClInclude Include="RefreshTreeThread.h">
      <Filter>Header Files</Filter>
    </ClInclude>
    <ClInclude Include="RelayLabel.h">
      <Filter>Header Files</Filter>
    </ClInclude>
    <ClInclude Include="Resource.h">
      <Filter>Header Files</Filter>
    </ClInclude>
    <ClInclude Include="ScanDbWaitDlg.h">
      <Filter>Header Files</Filter>
    </ClInclude>
    <ClInclude Include="ScanDlg.h">
      <Filter>Header Files</Filter>
    </ClInclude>
    <ClInclude Include="ScanSelectDlg.h">
      <Filter>Header Files</Filter>
    </ClInclude>
    <ClInclude Include="schedule.h">
      <Filter>Header Files</Filter>
    </ClInclude>
    <ClInclude Include="Schedule_grid.h">
      <Filter>Header Files</Filter>
    </ClInclude>
    <ClInclude Include="SetPtDayDlg.h">
      <Filter>Header Files</Filter>
    </ClInclude>
    <ClInclude Include="SetptGraphicBar.h">
      <Filter>Header Files</Filter>
    </ClInclude>
    <ClInclude Include="stdafx.h">
      <Filter>Header Files</Filter>
    </ClInclude>
    <ClInclude Include="T3000.h">
      <Filter>Header Files</Filter>
    </ClInclude>
    <ClInclude Include="T3000Doc.h">
      <Filter>Header Files</Filter>
    </ClInclude>
    <ClInclude Include="T3000RegAddress.h">
      <Filter>Header Files</Filter>
    </ClInclude>
    <ClInclude Include="T3000TableView.h">
      <Filter>Header Files</Filter>
    </ClInclude>
    <ClInclude Include="T3000View.h">
      <Filter>Header Files</Filter>
    </ClInclude>
    <ClInclude Include="targetver.h">
      <Filter>Header Files</Filter>
    </ClInclude>
    <ClInclude Include="TDelayForm.h">
      <Filter>Header Files</Filter>
    </ClInclude>
    <ClInclude Include="Timer_Calibrate.h">
      <Filter>Header Files</Filter>
    </ClInclude>
    <ClInclude Include="TrendLogView.h">
      <Filter>Header Files</Filter>
    </ClInclude>
    <ClInclude Include="TStat_Dev.h">
      <Filter>Header Files</Filter>
    </ClInclude>
    <ClInclude Include="TStat_Net.h">
      <Filter>Header Files</Filter>
    </ClInclude>
    <ClInclude Include="TStatBase.h">
      <Filter>Header Files</Filter>
    </ClInclude>
    <ClInclude Include="TStatScanner.h">
      <Filter>Header Files</Filter>
    </ClInclude>
    <ClInclude Include="TStatScheduleDlg.h">
      <Filter>Header Files</Filter>
    </ClInclude>
    <ClInclude Include="UserAcessSetDlg.h">
      <Filter>Header Files</Filter>
    </ClInclude>
    <ClInclude Include="vector_declare.h">
      <Filter>Header Files</Filter>
    </ClInclude>
    <ClInclude Include="Weekly_Routines.h">
      <Filter>Header Files</Filter>
    </ClInclude>
    <ClInclude Include="WeeklyRout_InsertDia.h">
      <Filter>Header Files</Filter>
    </ClInclude>
    <ClInclude Include="WorkspaceBar.h">
      <Filter>Header Files</Filter>
    </ClInclude>
    <ClInclude Include="T3\DialogT3.h">
      <Filter>T3</Filter>
    </ClInclude>
    <ClInclude Include="singleslider\MacSliderCtrl.h">
      <Filter>singleslider</Filter>
    </ClInclude>
    <ClInclude Include="CO2_View.h">
      <Filter>Header Files</Filter>
    </ClInclude>
    <ClInclude Include="Scanwaydlg.h">
      <Filter>Header Files</Filter>
    </ClInclude>
    <ClInclude Include="IONameConfig.h">
      <Filter>Header Files</Filter>
    </ClInclude>
    <ClInclude Include="DialogCM5_BacNet.h">
      <Filter>Header Files</Filter>
    </ClInclude>
    <ClInclude Include="Bacnet_Include.h">
      <Filter>Header Files</Filter>
    </ClInclude>
    <ClInclude Include="BacnetInput.h">
      <Filter>Header Files</Filter>
    </ClInclude>
    <ClInclude Include="BacnetOutput.h">
      <Filter>Header Files</Filter>
    </ClInclude>
    <ClInclude Include="BacnetProgram.h">
      <Filter>Header Files</Filter>
    </ClInclude>
    <ClInclude Include="BacnetVariable.h">
      <Filter>Header Files</Filter>
    </ClInclude>
    <ClInclude Include="DisplayConfig.h">
      <Filter>Header Files</Filter>
    </ClInclude>
    <ClInclude Include="T3RTDView.h">
      <Filter>Header Files</Filter>
    </ClInclude>
    <ClInclude Include="T38I13O.h">
      <Filter>Header Files</Filter>
    </ClInclude>
    <ClInclude Include="T38AI8AO.h">
      <Filter>Header Files</Filter>
    </ClInclude>
    <ClInclude Include="T38AI16O.h">
      <Filter>Header Files</Filter>
    </ClInclude>
    <ClInclude Include="T36CT.h">
      <Filter>Header Files</Filter>
    </ClInclude>
    <ClInclude Include="T332AI.h">
      <Filter>Header Files</Filter>
    </ClInclude>
    <ClInclude Include="T328IN.h">
      <Filter>Header Files</Filter>
    </ClInclude>
    <ClInclude Include="BacnetProgramEdit.h">
      <Filter>Header Files</Filter>
    </ClInclude>
    <ClInclude Include="CM5\DialogCM5.h">
      <Filter>Bacnet\CM5_H</Filter>
    </ClInclude>
    <ClInclude Include="CM5\ListCtrlCellEx.h">
      <Filter>Bacnet\CM5_H</Filter>
    </ClInclude>
    <ClInclude Include="CM5\ListCtrlEx.h">
      <Filter>Bacnet\CM5_H</Filter>
    </ClInclude>
    <ClInclude Include="CM5\PARSER.H">
      <Filter>Bacnet\CM5_H</Filter>
    </ClInclude>
    <ClInclude Include="CM5\ROUTER.H">
      <Filter>Bacnet\CM5_H</Filter>
    </ClInclude>
    <ClInclude Include="CM5\PerfTimer.h">
      <Filter>Bacnet\CM5_H</Filter>
    </ClInclude>
    <ClInclude Include="CM5\MyOwnListCtrl.h">
      <Filter>Bacnet\CM5_H</Filter>
    </ClInclude>
    <ClInclude Include="CM5\SliderBoth.h">
      <Filter>Bacnet\CM5_H</Filter>
    </ClInclude>
    <ClInclude Include="CM5\SliderBothBtn.h">
      <Filter>Bacnet\CM5_H</Filter>
    </ClInclude>
    <ClInclude Include="CM5\T3000DEF.H">
      <Filter>Bacnet\CM5_H</Filter>
    </ClInclude>
    <ClInclude Include="CM5\ud_str.h">
      <Filter>Bacnet\CM5_H</Filter>
    </ClInclude>
    <ClInclude Include="CM5\user_data.h">
      <Filter>Bacnet\CM5_H</Filter>
    </ClInclude>
    <ClInclude Include="BacnetRange.h">
      <Filter>Header Files</Filter>
    </ClInclude>
    <ClInclude Include="BacnetWait.h">
      <Filter>Header Files</Filter>
    </ClInclude>
    <ClInclude Include="CustomSTable.h">
      <Filter>Header Files</Filter>
    </ClInclude>
    <ClInclude Include="AirflowSettingDlg.h">
      <Filter>Header Files</Filter>
    </ClInclude>
    <ClInclude Include="WriteSingleRegDlg.h">
      <Filter>Header Files</Filter>
    </ClInclude>
    <ClInclude Include="fileRW.h">
      <Filter>Header Files</Filter>
    </ClInclude>
    <ClInclude Include="LanguageLocale.h">
      <Filter>Header Files</Filter>
    </ClInclude>
    <ClInclude Include="LCOutNameConfig.h">
      <Filter>Header Files</Filter>
    </ClInclude>
    <ClInclude Include="RegisterViewerDlg.h">
      <Filter>Header Files</Filter>
    </ClInclude>
    <ClInclude Include="TemcoDataGrid.h">
      <Filter>Header Files</Filter>
    </ClInclude>
    <ClInclude Include="StaticDlg.h">
      <Filter>Header Files</Filter>
    </ClInclude>
    <ClInclude Include="RegisterWriteValueDlg.h">
      <Filter>Header Files</Filter>
    </ClInclude>
    <ClInclude Include="BacnetScreenEdit.h">
      <Filter>Header Files</Filter>
    </ClInclude>
    <ClInclude Include="BacnetTool.h">
      <Filter>Header Files</Filter>
    </ClInclude>
    <ClInclude Include="BacnetToolReadProperty.h">
      <Filter>Header Files</Filter>
    </ClInclude>
    <ClInclude Include="BacnetAlarmLog.h">
      <Filter>Header Files</Filter>
    </ClInclude>
    <ClInclude Include="BacnetAlarmWindow.h">
      <Filter>Header Files</Filter>
    </ClInclude>
    <ClInclude Include="ARDDlg.h">
      <Filter>Header Files</Filter>
    </ClInclude>
    <ClInclude Include="BacnetTstat.h">
      <Filter>Header Files</Filter>
    </ClInclude>
    <ClInclude Include="DisplayLEDLCDConfig.h">
      <Filter>Header Files</Filter>
    </ClInclude>
    <ClInclude Include="CO2NetView.h">
      <Filter>Header Files</Filter>
    </ClInclude>
    <ClInclude Include="DebugWindow.h">
      <Filter>Header Files</Filter>
    </ClInclude>
    <ClInclude Include="BacnetGraphic.h">
      <Filter>Header Files</Filter>
    </ClInclude>
    <ClInclude Include="TstatZigbeeLogic.h">
      <Filter>Header Files</Filter>
    </ClInclude>
    <ClInclude Include="BacnetSetting.h">
      <Filter>Header Files</Filter>
    </ClInclude>
    <ClInclude Include="WhichOneToChooseDlg.h">
      <Filter>Header Files</Filter>
    </ClInclude>
    <ClInclude Include="Dowmloadfile.h">
      <Filter>Header Files</Filter>
    </ClInclude>
    <ClInclude Include="DownloadSocket.h">
      <Filter>Header Files</Filter>
    </ClInclude>
    <ClInclude Include="Class\md5.h">
      <Filter>Header Files</Filter>
    </ClInclude>
    <ClInclude Include="Flash_Multy.h">
      <Filter>Header Files</Filter>
    </ClInclude>
    <ClInclude Include="T3000UpdateDlg.h">
      <Filter>Header Files</Filter>
    </ClInclude>
    <ClInclude Include="AutoRichEditCtrl.h">
      <Filter>Header Files</Filter>
    </ClInclude>
    <ClInclude Include="T3000DefaultView.h">
      <Filter>Header Files</Filter>
    </ClInclude>
    <ClInclude Include="Bacnetaddintodb.h">
      <Filter>Header Files</Filter>
    </ClInclude>
    <ClInclude Include="BacnetCustomerDigitalRange.h">
      <Filter>Header Files</Filter>
    </ClInclude>
    <ClInclude Include="CalibartionHT.h">
      <Filter>Header Files</Filter>
    </ClInclude>
    <ClInclude Include="PressureSensorForm.h">
      <Filter>Header Files</Filter>
    </ClInclude>
    <ClInclude Include="TempHumSensorForm.h">
      <Filter>Header Files</Filter>
    </ClInclude>
    <ClInclude Include="BuildingConfigration.h">
      <Filter>Header Files</Filter>
    </ClInclude>
    <ClInclude Include="DllFunction.h">
      <Filter>Header Files</Filter>
    </ClInclude>
    <ClInclude Include="TCP_Server.h">
      <Filter>Header Files</Filter>
    </ClInclude>
    <ClInclude Include="BacnetUserlogin.h">
      <Filter>Header Files</Filter>
    </ClInclude>
    <ClInclude Include="BacnetUserConfig.h">
      <Filter>Header Files</Filter>
    </ClInclude>
    <ClInclude Include="BacnetAddLabel.h">
      <Filter>Header Files</Filter>
    </ClInclude>
    <ClInclude Include="BacnetEditLabel.h">
      <Filter>Header Files</Filter>
    </ClInclude>
    <ClInclude Include="ConfigFileHandler.h">
      <Filter>Header Files</Filter>
    </ClInclude>
    <ClInclude Include="global_struct.h">
      <Filter>Header Files</Filter>
    </ClInclude>
    <ClInclude Include="ping.h">
      <Filter>Header Files</Filter>
    </ClInclude>
    <ClInclude Include="TroubleShootDlg.h">
      <Filter>Header Files</Filter>
    </ClInclude>
    <ClInclude Include="BacnetATCommand.h">
      <Filter>Header Files</Filter>
    </ClInclude>
    <ClInclude Include="DetectOnlineDlg.h">
      <Filter>Header Files</Filter>
    </ClInclude>
    <ClInclude Include="BacnetRemotePoint.h">
      <Filter>Header Files</Filter>
    </ClInclude>
    <ClInclude Include="TstatRangeDlg.h">
      <Filter>Header Files</Filter>
    </ClInclude>
    <ClInclude Include="T3000_Help_Map.h">
      <Filter>Header Files</Filter>
    </ClInclude>
    <ClInclude Include="T3000_Default_MainView.h">
      <Filter>Header Files</Filter>
    </ClInclude>
    <ClInclude Include="ChartCtrl\ChartAxis.h">
      <Filter>ChartCtrl</Filter>
    </ClInclude>
    <ClInclude Include="ChartCtrl\ChartAxisLabel.h">
      <Filter>ChartCtrl</Filter>
    </ClInclude>
    <ClInclude Include="ChartCtrl\ChartBalloonLabel.h">
      <Filter>ChartCtrl</Filter>
    </ClInclude>
    <ClInclude Include="ChartCtrl\ChartBarSerie.h">
      <Filter>ChartCtrl</Filter>
    </ClInclude>
    <ClInclude Include="ChartCtrl\ChartCandlestickSerie.h">
      <Filter>ChartCtrl</Filter>
    </ClInclude>
    <ClInclude Include="ChartCtrl\ChartCrossHairCursor.h">
      <Filter>ChartCtrl</Filter>
    </ClInclude>
    <ClInclude Include="ChartCtrl\ChartCtrl.h">
      <Filter>ChartCtrl</Filter>
    </ClInclude>
    <ClInclude Include="ChartCtrl\ChartCursor.h">
      <Filter>ChartCtrl</Filter>
    </ClInclude>
    <ClInclude Include="ChartCtrl\ChartDateTimeAxis.h">
      <Filter>ChartCtrl</Filter>
    </ClInclude>
    <ClInclude Include="ChartCtrl\ChartDragLineCursor.h">
      <Filter>ChartCtrl</Filter>
    </ClInclude>
    <ClInclude Include="ChartCtrl\ChartFont.h">
      <Filter>ChartCtrl</Filter>
    </ClInclude>
    <ClInclude Include="ChartCtrl\ChartGanttSerie.h">
      <Filter>ChartCtrl</Filter>
    </ClInclude>
    <ClInclude Include="ChartCtrl\ChartGradient.h">
      <Filter>ChartCtrl</Filter>
    </ClInclude>
    <ClInclude Include="ChartCtrl\ChartGrid.h">
      <Filter>ChartCtrl</Filter>
    </ClInclude>
    <ClInclude Include="ChartCtrl\ChartLabel.h">
      <Filter>ChartCtrl</Filter>
    </ClInclude>
    <ClInclude Include="ChartCtrl\ChartLegend.h">
      <Filter>ChartCtrl</Filter>
    </ClInclude>
    <ClInclude Include="ChartCtrl\ChartLineSerie.h">
      <Filter>ChartCtrl</Filter>
    </ClInclude>
    <ClInclude Include="ChartCtrl\ChartLogarithmicAxis.h">
      <Filter>ChartCtrl</Filter>
    </ClInclude>
    <ClInclude Include="ChartCtrl\ChartMouseListener.h">
      <Filter>ChartCtrl</Filter>
    </ClInclude>
    <ClInclude Include="ChartCtrl\ChartPointsArray.h">
      <Filter>ChartCtrl</Filter>
    </ClInclude>
    <ClInclude Include="ChartCtrl\ChartPointsSerie.h">
      <Filter>ChartCtrl</Filter>
    </ClInclude>
    <ClInclude Include="ChartCtrl\ChartScrollBar.h">
      <Filter>ChartCtrl</Filter>
    </ClInclude>
    <ClInclude Include="ChartCtrl\ChartSerie.h">
      <Filter>ChartCtrl</Filter>
    </ClInclude>
    <ClInclude Include="ChartCtrl\ChartSerieBase.h">
      <Filter>ChartCtrl</Filter>
    </ClInclude>
    <ClInclude Include="ChartCtrl\ChartSeriesMouseListener.h">
      <Filter>ChartCtrl</Filter>
    </ClInclude>
    <ClInclude Include="ChartCtrl\ChartStandardAxis.h">
      <Filter>ChartCtrl</Filter>
    </ClInclude>
    <ClInclude Include="ChartCtrl\ChartString.h">
      <Filter>ChartCtrl</Filter>
    </ClInclude>
    <ClInclude Include="ChartCtrl\ChartSurfaceSerie.h">
      <Filter>ChartCtrl</Filter>
    </ClInclude>
    <ClInclude Include="ChartCtrl\ChartTitle.h">
      <Filter>ChartCtrl</Filter>
    </ClInclude>
    <ClInclude Include="ChartCtrl\ChartXYSerie.h">
      <Filter>ChartCtrl</Filter>
    </ClInclude>
    <ClInclude Include="ChartCtrl\PointsOrdering.h">
      <Filter>ChartCtrl</Filter>
    </ClInclude>
    <ClInclude Include="AirQuality\AirQuality.h">
      <Filter>AirQuality</Filter>
    </ClInclude>
    <ClInclude Include="T3ModulesView.h">
      <Filter>Header Files</Filter>
    </ClInclude>
    <ClInclude Include="T3RangeDlg.h">
      <Filter>Header Files</Filter>
    </ClInclude>
    <ClInclude Include="GraphicMode.h">
      <Filter>Header Files</Filter>
    </ClInclude>
    <ClInclude Include="T3ModulesOutputDlg.h">
      <Filter>Header Files</Filter>
    </ClInclude>
    <ClInclude Include="StatusbarCtrl.h">
      <Filter>Header Files</Filter>
    </ClInclude>
    <ClInclude Include="BatchSNDlg.h">
      <Filter>Header Files</Filter>
    </ClInclude>
    <ClInclude Include="ProductRegisterListView.h">
      <Filter>Header Files</Filter>
    </ClInclude>
    <ClInclude Include="WriteRegistersValueDlg.h">
      <Filter>Header Files</Filter>
    </ClInclude>
    <ClInclude Include="EnterValueDlg.h">
      <Filter>Header Files</Filter>
    </ClInclude>
    <ClInclude Include="Enter_Value_BinaryDlg.h">
      <Filter>Header Files</Filter>
    </ClInclude>
    <ClInclude Include="TStatInputView.h">
      <Filter>Header Files</Filter>
    </ClInclude>
    <ClInclude Include="TStatOutputView.h">
      <Filter>Header Files</Filter>
    </ClInclude>
    <ClInclude Include="BacnetProgramSetting.h">
      <Filter>Header Files</Filter>
    </ClInclude>
    <ClInclude Include="BoatMonitorViewer.h">
      <Filter>Header Files</Filter>
    </ClInclude>
    <ClInclude Include="BacnetGraphicSetting.h">
      <Filter>Header Files</Filter>
    </ClInclude>
    <ClInclude Include="BacnetAnalogCusRang.h">
      <Filter>Header Files</Filter>
    </ClInclude>
    <ClInclude Include="BacnetProgramDebug.h">
      <Filter>Header Files</Filter>
    </ClInclude>
    <ClInclude Include="FileOperations.h">
      <Filter>Header Files</Filter>
    </ClInclude>
    <ClInclude Include="BootFinderDlg.h">
      <Filter>Header Files</Filter>
    </ClInclude>
    <ClInclude Include="BacnetSettingHealth.h">
      <Filter>Header Files</Filter>
    </ClInclude>
    <ClInclude Include="ConnectRemoteServer.h">
      <Filter>Header Files</Filter>
    </ClInclude>
    <ClInclude Include="BuildingConfigEditDlg.h">
      <Filter>Header Files</Filter>
    </ClInclude>
    <ClInclude Include="ProductModel.h">
      <Filter>Header Files</Filter>
    </ClInclude>
    <ClInclude Include="T3000Option.h">
      <Filter>Header Files</Filter>
    </ClInclude>
    <ClInclude Include="RemotePtpLogin.h">
      <Filter>Header Files</Filter>
    </ClInclude>
    <ClInclude Include="..\SQLiteDriver\CppSQLite3.h">
      <Filter>SQLiteDriver</Filter>
    </ClInclude>
    <ClInclude Include="..\SQLiteDriver\sqlite3.h">
      <Filter>SQLiteDriver</Filter>
    </ClInclude>
    <ClInclude Include="NewTstatSchedulesDlg.h">
      <Filter>Header Files</Filter>
    </ClInclude>
    <ClInclude Include="DuplicateIdDetected.h">
      <Filter>Header Files</Filter>
    </ClInclude>
    <ClInclude Include="ISPModeSlove.h">
      <Filter>Header Files</Filter>
    </ClInclude>
    <ClInclude Include="BacnetMessageInput.h">
      <Filter>Header Files</Filter>
    </ClInclude>
    <ClInclude Include="HexFileParser.h">
      <Filter>Header Files</Filter>
    </ClInclude>
    <ClInclude Include="BinFileParser.h">
      <Filter>Header Files</Filter>
    </ClInclude>
    <ClInclude Include="OXBitmapButton.h">
      <Filter>Header Files</Filter>
    </ClInclude>
    <ClInclude Include="OXDllExt.h">
      <Filter>Header Files</Filter>
    </ClInclude>
    <ClInclude Include="OXMainRes.h">
      <Filter>Header Files</Filter>
    </ClInclude>
    <ClInclude Include="OXToolTipCtrl.h">
      <Filter>Header Files</Filter>
    </ClInclude>
    <ClInclude Include="ZigbeeInformationDlg.h">
      <Filter>Header Files</Filter>
    </ClInclude>
    <ClInclude Include="SetTimeDlg.h">
      <Filter>Header Files</Filter>
    </ClInclude>
    <ClInclude Include="BTUMeterDlg.h">
      <Filter>Header Files</Filter>
    </ClInclude>
    <ClInclude Include="BacnetVarCusRang.h">
      <Filter>Header Files</Filter>
    </ClInclude>
    <ClInclude Include="BacnetIOConfig.h">
      <Filter>Header Files</Filter>
    </ClInclude>
    <ClInclude Include="WifiConfigDlg.h">
      <Filter>Header Files</Filter>
    </ClInclude>
    <ClInclude Include="BacnetAddVirtualDevice.h">
      <Filter>Header Files</Filter>
    </ClInclude>
    <ClInclude Include="BADO\BADO.h">
      <Filter>BADO</Filter>
    </ClInclude>
    <ClInclude Include="global_function.h">
      <Filter>Header Files</Filter>
    </ClInclude>
    <ClInclude Include="global_define.h">
      <Filter>Header Files</Filter>
    </ClInclude>
    <ClInclude Include="T3ControllerProgram.h">
      <Filter>Header Files</Filter>
    </ClInclude>
    <ClInclude Include="Tstat_HelpDoc.h">
      <Filter>Header Files</Filter>
    </ClInclude>
    <ClInclude Include="GroupScheduleDlg.h">
      <Filter>Header Files</Filter>
    </ClInclude>
    <ClInclude Include="ModbusToBacnetRouterDlg.h">
      <Filter>Header Files</Filter>
    </ClInclude>
    <ClInclude Include="BacnetTstatSchedule.h">
      <Filter>Header Files</Filter>
    </ClInclude>
    <ClInclude Include="TemcoStandardBacnetToolDlg.h">
      <Filter>Header Files</Filter>
    </ClInclude>
    <ClInclude Include="ParameterExtDlg.h">
      <Filter>Header Files</Filter>
    </ClInclude>
    <ClInclude Include="ShowMessageDlg.h">
      <Filter>Header Files</Filter>
    </ClInclude>
    <ClInclude Include="TstatIconSetting.h">
      <Filter>Header Files</Filter>
    </ClInclude>
    <ClInclude Include="NewT3000ProgramEditorDlg.h">
      <Filter>Header Files</Filter>
    </ClInclude>
    <ClInclude Include="Powermeter.h">
      <Filter>Header Files</Filter>
    </ClInclude>
    <ClInclude Include="PowerMeterList.h">
      <Filter>Header Files</Filter>
    </ClInclude>
    <ClInclude Include="T3000LogWindow.h">
      <Filter>Header Files</Filter>
    </ClInclude>
    <ClInclude Include="CApplication0.h">
      <Filter>Header Files</Filter>
    </ClInclude>
    <ClInclude Include="CWorkbook0.h">
      <Filter>Header Files</Filter>
    </ClInclude>
    <ClInclude Include="CWorkbooks0.h">
      <Filter>Header Files</Filter>
    </ClInclude>
    <ClInclude Include="CWorksheets0.h">
      <Filter>Header Files</Filter>
    </ClInclude>
    <ClInclude Include="CWorksheet0.h">
      <Filter>Header Files</Filter>
    </ClInclude>
    <ClInclude Include="CRange0.h">
      <Filter>Header Files</Filter>
    </ClInclude>
    <ClInclude Include="BacnetRegisterListView.h">
      <Filter>Header Files</Filter>
    </ClInclude>
    <ClInclude Include="CO2_Node.h">
      <Filter>Header Files</Filter>
    </ClInclude>
    <ClInclude Include="CO2_NodeView.h">
      <Filter>Header Files</Filter>
    </ClInclude>
    <ClInclude Include="BacnetAddRemoteDevice.h">
      <Filter>Header Files</Filter>
    </ClInclude>
  </ItemGroup>
  <ItemGroup>
    <ResourceCompile Include="T3000.rc">
      <Filter>Resource Files</Filter>
    </ResourceCompile>
  </ItemGroup>
  <ItemGroup>
    <Library Include="..\SQLiteDriver\sqlite3.lib" />
  </ItemGroup>
</Project>